// !$*UTF8*$!
{
	archiveVersion = 1;
	classes = {
	};
	objectVersion = 46;
	objects = {

/* Begin PBXBuildFile section */
		BBDB1FEE1AE67801006BEA93 /* AppDelegate.swift in Sources */ = {isa = PBXBuildFile; fileRef = BBDB1FED1AE67801006BEA93 /* AppDelegate.swift */; };
		BBDB1FF01AE67801006BEA93 /* ViewController.swift in Sources */ = {isa = PBXBuildFile; fileRef = BBDB1FEF1AE67801006BEA93 /* ViewController.swift */; };
		BBDB1FF31AE67801006BEA93 /* Main.storyboard in Resources */ = {isa = PBXBuildFile; fileRef = BBDB1FF11AE67801006BEA93 /* Main.storyboard */; };
		BBDB1FF51AE67801006BEA93 /* Images.xcassets in Resources */ = {isa = PBXBuildFile; fileRef = BBDB1FF41AE67801006BEA93 /* Images.xcassets */; };
		BBDB1FF81AE67801006BEA93 /* LaunchScreen.xib in Resources */ = {isa = PBXBuildFile; fileRef = BBDB1FF61AE67801006BEA93 /* LaunchScreen.xib */; };
		BBDB20041AE67801006BEA93 /* swiftCallObcCodeTests.swift in Sources */ = {isa = PBXBuildFile; fileRef = BBDB20031AE67801006BEA93 /* swiftCallObcCodeTests.swift */; };
		BBDB20101AE6785E006BEA93 /* OCHello.m in Sources */ = {isa = PBXBuildFile; fileRef = BBDB200F1AE6785E006BEA93 /* OCHello.m */; };
/* End PBXBuildFile section */

/* Begin PBXContainerItemProxy section */
		BBDB1FFE1AE67801006BEA93 /* PBXContainerItemProxy */ = {
			isa = PBXContainerItemProxy;
			containerPortal = BBDB1FE01AE67801006BEA93 /* Project object */;
			proxyType = 1;
			remoteGlobalIDString = BBDB1FE71AE67801006BEA93;
			remoteInfo = swiftCallObcCode;
		};
/* End PBXContainerItemProxy section */

/* Begin PBXFileReference section */
		BBDB1FE81AE67801006BEA93 /* swiftCallObcCode.app */ = {isa = PBXFileReference; explicitFileType = wrapper.application; includeInIndex = 0; path = swiftCallObcCode.app; sourceTree = BUILT_PRODUCTS_DIR; };
		BBDB1FEC1AE67801006BEA93 /* Info.plist */ = {isa = PBXFileReference; lastKnownFileType = text.plist.xml; path = Info.plist; sourceTree = "<group>"; };
		BBDB1FED1AE67801006BEA93 /* AppDelegate.swift */ = {isa = PBXFileReference; lastKnownFileType = sourcecode.swift; path = AppDelegate.swift; sourceTree = "<group>"; };
		BBDB1FEF1AE67801006BEA93 /* ViewController.swift */ = {isa = PBXFileReference; lastKnownFileType = sourcecode.swift; path = ViewController.swift; sourceTree = "<group>"; };
		BBDB1FF21AE67801006BEA93 /* Base */ = {isa = PBXFileReference; lastKnownFileType = file.storyboard; name = Base; path = Base.lproj/Main.storyboard; sourceTree = "<group>"; };
		BBDB1FF41AE67801006BEA93 /* Images.xcassets */ = {isa = PBXFileReference; lastKnownFileType = folder.assetcatalog; path = Images.xcassets; sourceTree = "<group>"; };
		BBDB1FF71AE67801006BEA93 /* Base */ = {isa = PBXFileReference; lastKnownFileType = file.xib; name = Base; path = Base.lproj/LaunchScreen.xib; sourceTree = "<group>"; };
		BBDB1FFD1AE67801006BEA93 /* swiftCallObcCodeTests.xctest */ = {isa = PBXFileReference; explicitFileType = wrapper.cfbundle; includeInIndex = 0; path = swiftCallObcCodeTests.xctest; sourceTree = BUILT_PRODUCTS_DIR; };
		BBDB20021AE67801006BEA93 /* Info.plist */ = {isa = PBXFileReference; lastKnownFileType = text.plist.xml; path = Info.plist; sourceTree = "<group>"; };
		BBDB20031AE67801006BEA93 /* swiftCallObcCodeTests.swift */ = {isa = PBXFileReference; lastKnownFileType = sourcecode.swift; path = swiftCallObcCodeTests.swift; sourceTree = "<group>"; };
		BBDB200D1AE6785E006BEA93 /* swiftCallObcCode-Bridging-Header.h */ = {isa = PBXFileReference; lastKnownFileType = sourcecode.c.h; path = "swiftCallObcCode-Bridging-Header.h"; sourceTree = "<group>"; };
		BBDB200E1AE6785E006BEA93 /* OCHello.h */ = {isa = PBXFileReference; fileEncoding = 4; lastKnownFileType = sourcecode.c.h; path = OCHello.h; sourceTree = "<group>"; };
		BBDB200F1AE6785E006BEA93 /* OCHello.m */ = {isa = PBXFileReference; fileEncoding = 4; lastKnownFileType = sourcecode.c.objc; path = OCHello.m; sourceTree = "<group>"; };
/* End PBXFileReference section */

/* Begin PBXFrameworksBuildPhase section */
		BBDB1FE51AE67801006BEA93 /* Frameworks */ = {
			isa = PBXFrameworksBuildPhase;
			buildActionMask = 2147483647;
			files = (
			);
			runOnlyForDeploymentPostprocessing = 0;
		};
		BBDB1FFA1AE67801006BEA93 /* Frameworks */ = {
			isa = PBXFrameworksBuildPhase;
			buildActionMask = 2147483647;
			files = (
			);
			runOnlyForDeploymentPostprocessing = 0;
		};
/* End PBXFrameworksBuildPhase section */

/* Begin PBXGroup section */
		BBDB1FDF1AE67801006BEA93 = {
			isa = PBXGroup;
			children = (
				BBDB1FEA1AE67801006BEA93 /* swiftCallObcCode */,
				BBDB20001AE67801006BEA93 /* swiftCallObcCodeTests */,
				BBDB1FE91AE67801006BEA93 /* Products */,
			);
			sourceTree = "<group>";
		};
		BBDB1FE91AE67801006BEA93 /* Products */ = {
			isa = PBXGroup;
			children = (
				BBDB1FE81AE67801006BEA93 /* swiftCallObcCode.app */,
				BBDB1FFD1AE67801006BEA93 /* swiftCallObcCodeTests.xctest */,
			);
			name = Products;
			sourceTree = "<group>";
		};
		BBDB1FEA1AE67801006BEA93 /* swiftCallObcCode */ = {
			isa = PBXGroup;
			children = (
				BBDB1FED1AE67801006BEA93 /* AppDelegate.swift */,
				BBDB1FEF1AE67801006BEA93 /* ViewController.swift */,
				BBDB1FF11AE67801006BEA93 /* Main.storyboard */,
				BBDB1FF41AE67801006BEA93 /* Images.xcassets */,
				BBDB1FF61AE67801006BEA93 /* LaunchScreen.xib */,
				BBDB1FEB1AE67801006BEA93 /* Supporting Files */,
				BBDB200E1AE6785E006BEA93 /* OCHello.h */,
				BBDB200F1AE6785E006BEA93 /* OCHello.m */,
				BBDB200D1AE6785E006BEA93 /* swiftCallObcCode-Bridging-Header.h */,
			);
			path = swiftCallObcCode;
			sourceTree = "<group>";
		};
		BBDB1FEB1AE67801006BEA93 /* Supporting Files */ = {
			isa = PBXGroup;
			children = (
				BBDB1FEC1AE67801006BEA93 /* Info.plist */,
			);
			name = "Supporting Files";
			sourceTree = "<group>";
		};
		BBDB20001AE67801006BEA93 /* swiftCallObcCodeTests */ = {
			isa = PBXGroup;
			children = (
				BBDB20031AE67801006BEA93 /* swiftCallObcCodeTests.swift */,
				BBDB20011AE67801006BEA93 /* Supporting Files */,
			);
			path = swiftCallObcCodeTests;
			sourceTree = "<group>";
		};
		BBDB20011AE67801006BEA93 /* Supporting Files */ = {
			isa = PBXGroup;
			children = (
				BBDB20021AE67801006BEA93 /* Info.plist */,
			);
			name = "Supporting Files";
			sourceTree = "<group>";
		};
/* End PBXGroup section */

/* Begin PBXNativeTarget section */
		BBDB1FE71AE67801006BEA93 /* swiftCallObcCode */ = {
			isa = PBXNativeTarget;
			buildConfigurationList = BBDB20071AE67801006BEA93 /* Build configuration list for PBXNativeTarget "swiftCallObcCode" */;
			buildPhases = (
				BBDB1FE41AE67801006BEA93 /* Sources */,
				BBDB1FE51AE67801006BEA93 /* Frameworks */,
				BBDB1FE61AE67801006BEA93 /* Resources */,
			);
			buildRules = (
			);
			dependencies = (
			);
			name = swiftCallObcCode;
			productName = swiftCallObcCode;
			productReference = BBDB1FE81AE67801006BEA93 /* swiftCallObcCode.app */;
			productType = "com.apple.product-type.application";
		};
		BBDB1FFC1AE67801006BEA93 /* swiftCallObcCodeTests */ = {
			isa = PBXNativeTarget;
			buildConfigurationList = BBDB200A1AE67801006BEA93 /* Build configuration list for PBXNativeTarget "swiftCallObcCodeTests" */;
			buildPhases = (
				BBDB1FF91AE67801006BEA93 /* Sources */,
				BBDB1FFA1AE67801006BEA93 /* Frameworks */,
				BBDB1FFB1AE67801006BEA93 /* Resources */,
			);
			buildRules = (
			);
			dependencies = (
				BBDB1FFF1AE67801006BEA93 /* PBXTargetDependency */,
			);
			name = swiftCallObcCodeTests;
			productName = swiftCallObcCodeTests;
			productReference = BBDB1FFD1AE67801006BEA93 /* swiftCallObcCodeTests.xctest */;
			productType = "com.apple.product-type.bundle.unit-test";
		};
/* End PBXNativeTarget section */

/* Begin PBXProject section */
		BBDB1FE01AE67801006BEA93 /* Project object */ = {
			isa = PBXProject;
			attributes = {
				LastUpgradeCheck = 0630;
				ORGANIZATIONNAME = Eular;
				TargetAttributes = {
					BBDB1FE71AE67801006BEA93 = {
						CreatedOnToolsVersion = 6.3;
					};
					BBDB1FFC1AE67801006BEA93 = {
						CreatedOnToolsVersion = 6.3;
						TestTargetID = BBDB1FE71AE67801006BEA93;
					};
				};
			};
			buildConfigurationList = BBDB1FE31AE67801006BEA93 /* Build configuration list for PBXProject "swiftCallObcCode" */;
			compatibilityVersion = "Xcode 3.2";
			developmentRegion = English;
			hasScannedForEncodings = 0;
			knownRegions = (
				en,
				Base,
			);
			mainGroup = BBDB1FDF1AE67801006BEA93;
			productRefGroup = BBDB1FE91AE67801006BEA93 /* Products */;
			projectDirPath = "";
			projectRoot = "";
			targets = (
				BBDB1FE71AE67801006BEA93 /* swiftCallObcCode */,
				BBDB1FFC1AE67801006BEA93 /* swiftCallObcCodeTests */,
			);
		};
/* End PBXProject section */

/* Begin PBXResourcesBuildPhase section */
		BBDB1FE61AE67801006BEA93 /* Resources */ = {
			isa = PBXResourcesBuildPhase;
			buildActionMask = 2147483647;
			files = (
				BBDB1FF31AE67801006BEA93 /* Main.storyboard in Resources */,
				BBDB1FF81AE67801006BEA93 /* LaunchScreen.xib in Resources */,
				BBDB1FF51AE67801006BEA93 /* Images.xcassets in Resources */,
			);
			runOnlyForDeploymentPostprocessing = 0;
		};
		BBDB1FFB1AE67801006BEA93 /* Resources */ = {
			isa = PBXResourcesBuildPhase;
			buildActionMask = 2147483647;
			files = (
			);
			runOnlyForDeploymentPostprocessing = 0;
		};
/* End PBXResourcesBuildPhase section */

/* Begin PBXSourcesBuildPhase section */
		BBDB1FE41AE67801006BEA93 /* Sources */ = {
			isa = PBXSourcesBuildPhase;
			buildActionMask = 2147483647;
			files = (
				BBDB20101AE6785E006BEA93 /* OCHello.m in Sources */,
				BBDB1FF01AE67801006BEA93 /* ViewController.swift in Sources */,
				BBDB1FEE1AE67801006BEA93 /* AppDelegate.swift in Sources */,
			);
			runOnlyForDeploymentPostprocessing = 0;
		};
		BBDB1FF91AE67801006BEA93 /* Sources */ = {
			isa = PBXSourcesBuildPhase;
			buildActionMask = 2147483647;
			files = (
				BBDB20041AE67801006BEA93 /* swiftCallObcCodeTests.swift in Sources */,
			);
			runOnlyForDeploymentPostprocessing = 0;
		};
/* End PBXSourcesBuildPhase section */

/* Begin PBXTargetDependency section */
		BBDB1FFF1AE67801006BEA93 /* PBXTargetDependency */ = {
			isa = PBXTargetDependency;
			target = BBDB1FE71AE67801006BEA93 /* swiftCallObcCode */;
			targetProxy = BBDB1FFE1AE67801006BEA93 /* PBXContainerItemProxy */;
		};
/* End PBXTargetDependency section */

/* Begin PBXVariantGroup section */
		BBDB1FF11AE67801006BEA93 /* Main.storyboard */ = {
			isa = PBXVariantGroup;
			children = (
				BBDB1FF21AE67801006BEA93 /* Base */,
			);
			name = Main.storyboard;
			sourceTree = "<group>";
		};
		BBDB1FF61AE67801006BEA93 /* LaunchScreen.xib */ = {
			isa = PBXVariantGroup;
			children = (
				BBDB1FF71AE67801006BEA93 /* Base */,
			);
			name = LaunchScreen.xib;
			sourceTree = "<group>";
		};
/* End PBXVariantGroup section */

/* Begin XCBuildConfiguration section */
		BBDB20051AE67801006BEA93 /* Debug */ = {
			isa = XCBuildConfiguration;
			buildSettings = {
				ALWAYS_SEARCH_USER_PATHS = NO;
				CLANG_CXX_LANGUAGE_STANDARD = "gnu++0x";
				CLANG_CXX_LIBRARY = "libc++";
				CLANG_ENABLE_MODULES = YES;
				CLANG_ENABLE_OBJC_ARC = YES;
				CLANG_WARN_BOOL_CONVERSION = YES;
				CLANG_WARN_CONSTANT_CONVERSION = YES;
				CLANG_WARN_DIRECT_OBJC_ISA_USAGE = YES_ERROR;
				CLANG_WARN_EMPTY_BODY = YES;
				CLANG_WARN_ENUM_CONVERSION = YES;
				CLANG_WARN_INT_CONVERSION = YES;
				CLANG_WARN_OBJC_ROOT_CLASS = YES_ERROR;
				CLANG_WARN_UNREACHABLE_CODE = YES;
				CLANG_WARN__DUPLICATE_METHOD_MATCH = YES;
				"CODE_SIGN_IDENTITY[sdk=iphoneos*]" = "iPhone Developer";
				COPY_PHASE_STRIP = NO;
				DEBUG_INFORMATION_FORMAT = "dwarf-with-dsym";
				ENABLE_STRICT_OBJC_MSGSEND = YES;
				GCC_C_LANGUAGE_STANDARD = gnu99;
				GCC_DYNAMIC_NO_PIC = NO;
				GCC_NO_COMMON_BLOCKS = YES;
				GCC_OPTIMIZATION_LEVEL = 0;
				GCC_PREPROCESSOR_DEFINITIONS = (
					"DEBUG=1",
					"$(inherited)",
				);
				GCC_SYMBOLS_PRIVATE_EXTERN = NO;
				GCC_WARN_64_TO_32_BIT_CONVERSION = YES;
				GCC_WARN_ABOUT_RETURN_TYPE = YES_ERROR;
				GCC_WARN_UNDECLARED_SELECTOR = YES;
				GCC_WARN_UNINITIALIZED_AUTOS = YES_AGGRESSIVE;
				GCC_WARN_UNUSED_FUNCTION = YES;
				GCC_WARN_UNUSED_VARIABLE = YES;
				IPHONEOS_DEPLOYMENT_TARGET = 8.3;
				MTL_ENABLE_DEBUG_INFO = YES;
				ONLY_ACTIVE_ARCH = YES;
				SDKROOT = iphoneos;
				SWIFT_OPTIMIZATION_LEVEL = "-Onone";
			};
			name = Debug;
		};
		BBDB20061AE67801006BEA93 /* Release */ = {
			isa = XCBuildConfiguration;
			buildSettings = {
				ALWAYS_SEARCH_USER_PATHS = NO;
				CLANG_CXX_LANGUAGE_STANDARD = "gnu++0x";
				CLANG_CXX_LIBRARY = "libc++";
				CLANG_ENABLE_MODULES = YES;
				CLANG_ENABLE_OBJC_ARC = YES;
				CLANG_WARN_BOOL_CONVERSION = YES;
				CLANG_WARN_CONSTANT_CONVERSION = YES;
				CLANG_WARN_DIRECT_OBJC_ISA_USAGE = YES_ERROR;
				CLANG_WARN_EMPTY_BODY = YES;
				CLANG_WARN_ENUM_CONVERSION = YES;
				CLANG_WARN_INT_CONVERSION = YES;
				CLANG_WARN_OBJC_ROOT_CLASS = YES_ERROR;
				CLANG_WARN_UNREACHABLE_CODE = YES;
				CLANG_WARN__DUPLICATE_METHOD_MATCH = YES;
				"CODE_SIGN_IDENTITY[sdk=iphoneos*]" = "iPhone Developer";
				COPY_PHASE_STRIP = NO;
				DEBUG_INFORMATION_FORMAT = "dwarf-with-dsym";
				ENABLE_NS_ASSERTIONS = NO;
				ENABLE_STRICT_OBJC_MSGSEND = YES;
				GCC_C_LANGUAGE_STANDARD = gnu99;
				GCC_NO_COMMON_BLOCKS = YES;
				GCC_WARN_64_TO_32_BIT_CONVERSION = YES;
				GCC_WARN_ABOUT_RETURN_TYPE = YES_ERROR;
				GCC_WARN_UNDECLARED_SELECTOR = YES;
				GCC_WARN_UNINITIALIZED_AUTOS = YES_AGGRESSIVE;
				GCC_WARN_UNUSED_FUNCTION = YES;
				GCC_WARN_UNUSED_VARIABLE = YES;
				IPHONEOS_DEPLOYMENT_TARGET = 8.3;
				MTL_ENABLE_DEBUG_INFO = NO;
				SDKROOT = iphoneos;
				VALIDATE_PRODUCT = YES;
			};
			name = Release;
		};
		BBDB20081AE67801006BEA93 /* Debug */ = {
			isa = XCBuildConfiguration;
			buildSettings = {
				ASSETCATALOG_COMPILER_APPICON_NAME = AppIcon;
				CLANG_ENABLE_MODULES = YES;
				INFOPLIST_FILE = swiftCallObcCode/Info.plist;
				LD_RUNPATH_SEARCH_PATHS = "$(inherited) @executable_path/Frameworks";
				PRODUCT_NAME = "$(TARGET_NAME)";
				SWIFT_OBJC_BRIDGING_HEADER = "swiftCallObcCode/swiftCallObcCode-Bridging-Header.h";
				SWIFT_OPTIMIZATION_LEVEL = "-Onone";
			};
			name = Debug;
		};
		BBDB20091AE67801006BEA93 /* Release */ = {
			isa = XCBuildConfiguration;
			buildSettings = {
				ASSETCATALOG_COMPILER_APPICON_NAME = AppIcon;
				CLANG_ENABLE_MODULES = YES;
				INFOPLIST_FILE = swiftCallObcCode/Info.plist;
				LD_RUNPATH_SEARCH_PATHS = "$(inherited) @executable_path/Frameworks";
				PRODUCT_NAME = "$(TARGET_NAME)";
				SWIFT_OBJC_BRIDGING_HEADER = "swiftCallObcCode/swiftCallObcCode-Bridging-Header.h";
			};
			name = Release;
		};
		BBDB200B1AE67801006BEA93 /* Debug */ = {
			isa = XCBuildConfiguration;
			buildSettings = {
				BUNDLE_LOADER = "$(TEST_HOST)";
				FRAMEWORK_SEARCH_PATHS = (
					"$(SDKROOT)/Developer/Library/Frameworks",
					"$(inherited)",
				);
				GCC_PREPROCESSOR_DEFINITIONS = (
					"DEBUG=1",
					"$(inherited)",
				);
				INFOPLIST_FILE = swiftCallObcCodeTests/Info.plist;
				LD_RUNPATH_SEARCH_PATHS = "$(inherited) @executable_path/Frameworks @loader_path/Frameworks";
				PRODUCT_NAME = "$(TARGET_NAME)";
				TEST_HOST = "$(BUILT_PRODUCTS_DIR)/swiftCallObcCode.app/swiftCallObcCode";
			};
			name = Debug;
		};
		BBDB200C1AE67801006BEA93 /* Release */ = {
			isa = XCBuildConfiguration;
			buildSettings = {
				BUNDLE_LOADER = "$(TEST_HOST)";
				FRAMEWORK_SEARCH_PATHS = (
					"$(SDKROOT)/Developer/Library/Frameworks",
					"$(inherited)",
				);
				INFOPLIST_FILE = swiftCallObcCodeTests/Info.plist;
				LD_RUNPATH_SEARCH_PATHS = "$(inherited) @executable_path/Frameworks @loader_path/Frameworks";
				PRODUCT_NAME = "$(TARGET_NAME)";
				TEST_HOST = "$(BUILT_PRODUCTS_DIR)/swiftCallObcCode.app/swiftCallObcCode";
			};
			name = Release;
		};
/* End XCBuildConfiguration section */

/* Begin XCConfigurationList section */
		BBDB1FE31AE67801006BEA93 /* Build configuration list for PBXProject "swiftCallObcCode" */ = {
			isa = XCConfigurationList;
			buildConfigurations = (
				BBDB20051AE67801006BEA93 /* Debug */,
				BBDB20061AE67801006BEA93 /* Release */,
			);
			defaultConfigurationIsVisible = 0;
			defaultConfigurationName = Release;
		};
		BBDB20071AE67801006BEA93 /* Build configuration list for PBXNativeTarget "swiftCallObcCode" */ = {
			isa = XCConfigurationList;
			buildConfigurations = (
				BBDB20081AE67801006BEA93 /* Debug */,
				BBDB20091AE67801006BEA93 /* Release */,
			);
			defaultConfigurationIsVisible = 0;
		};
		BBDB200A1AE67801006BEA93 /* Build configuration list for PBXNativeTarget "swiftCallObcCodeTests" */ = {
			isa = XCConfigurationList;
			buildConfigurations = (
				BBDB200B1AE67801006BEA93 /* Debug */,
				BBDB200C1AE67801006BEA93 /* Release */,
			);
			defaultConfigurationIsVisible = 0;
		};
/* End XCConfigurationList section */
	};
	rootObject = BBDB1FE01AE67801006BEA93 /* Project object */;
}
