// !$*UTF8*$!
{
	archiveVersion = 1;
	classes = {
	};
	objectVersion = 46;
	objects = {

/* Begin PBXBuildFile section */
		BB4E975E1AC46176006AA108 /* TodoItemViewController.swift in Sources */ = {isa = PBXBuildFile; fileRef = BB4E975D1AC46176006AA108 /* TodoItemViewController.swift */; };
		BB6D4AFD1AC43B01007DFBE1 /* AppDelegate.swift in Sources */ = {isa = PBXBuildFile; fileRef = BB6D4AFC1AC43B01007DFBE1 /* AppDelegate.swift */; };
		BB6D4AFF1AC43B01007DFBE1 /* ViewController.swift in Sources */ = {isa = PBXBuildFile; fileRef = BB6D4AFE1AC43B01007DFBE1 /* ViewController.swift */; };
		BB6D4B021AC43B01007DFBE1 /* Main.storyboard in Resources */ = {isa = PBXBuildFile; fileRef = BB6D4B001AC43B01007DFBE1 /* Main.storyboard */; };
		BB6D4B041AC43B01007DFBE1 /* Images.xcassets in Resources */ = {isa = PBXBuildFile; fileRef = BB6D4B031AC43B01007DFBE1 /* Images.xcassets */; };
		BB6D4B101AC43B02007DFBE1 /* TodoTests.swift in Sources */ = {isa = PBXBuildFile; fileRef = BB6D4B0F1AC43B02007DFBE1 /* TodoTests.swift */; };
		BB6D4B1A1AC4416C007DFBE1 /* TodoModel.swift in Sources */ = {isa = PBXBuildFile; fileRef = BB6D4B191AC4416C007DFBE1 /* TodoModel.swift */; };
/* End PBXBuildFile section */

/* Begin PBXContainerItemProxy section */
		BB6D4B0A1AC43B02007DFBE1 /* PBXContainerItemProxy */ = {
			isa = PBXContainerItemProxy;
			containerPortal = BB6D4AEF1AC43B00007DFBE1 /* Project object */;
			proxyType = 1;
			remoteGlobalIDString = BB6D4AF61AC43B01007DFBE1;
			remoteInfo = Todo;
		};
/* End PBXContainerItemProxy section */

/* Begin PBXFileReference section */
		BB4E975D1AC46176006AA108 /* TodoItemViewController.swift */ = {isa = PBXFileReference; fileEncoding = 4; lastKnownFileType = sourcecode.swift; path = TodoItemViewController.swift; sourceTree = "<group>"; };
		BB6D4AF71AC43B01007DFBE1 /* Todo.app */ = {isa = PBXFileReference; explicitFileType = wrapper.application; includeInIndex = 0; path = Todo.app; sourceTree = BUILT_PRODUCTS_DIR; };
		BB6D4AFB1AC43B01007DFBE1 /* Info.plist */ = {isa = PBXFileReference; lastKnownFileType = text.plist.xml; path = Info.plist; sourceTree = "<group>"; };
		BB6D4AFC1AC43B01007DFBE1 /* AppDelegate.swift */ = {isa = PBXFileReference; lastKnownFileType = sourcecode.swift; path = AppDelegate.swift; sourceTree = "<group>"; };
		BB6D4AFE1AC43B01007DFBE1 /* ViewController.swift */ = {isa = PBXFileReference; lastKnownFileType = sourcecode.swift; path = ViewController.swift; sourceTree = "<group>"; };
		BB6D4B011AC43B01007DFBE1 /* Base */ = {isa = PBXFileReference; lastKnownFileType = file.storyboard; name = Base; path = Base.lproj/Main.storyboard; sourceTree = "<group>"; };
		BB6D4B031AC43B01007DFBE1 /* Images.xcassets */ = {isa = PBXFileReference; lastKnownFileType = folder.assetcatalog; path = Images.xcassets; sourceTree = "<group>"; };
		BB6D4B091AC43B02007DFBE1 /* TodoTests.xctest */ = {isa = PBXFileReference; explicitFileType = wrapper.cfbundle; includeInIndex = 0; path = TodoTests.xctest; sourceTree = BUILT_PRODUCTS_DIR; };
		BB6D4B0E1AC43B02007DFBE1 /* Info.plist */ = {isa = PBXFileReference; lastKnownFileType = text.plist.xml; path = Info.plist; sourceTree = "<group>"; };
		BB6D4B0F1AC43B02007DFBE1 /* TodoTests.swift */ = {isa = PBXFileReference; lastKnownFileType = sourcecode.swift; path = TodoTests.swift; sourceTree = "<group>"; };
		BB6D4B191AC4416C007DFBE1 /* TodoModel.swift */ = {isa = PBXFileReference; fileEncoding = 4; lastKnownFileType = sourcecode.swift; path = TodoModel.swift; sourceTree = "<group>"; };
/* End PBXFileReference section */

/* Begin PBXFrameworksBuildPhase section */
		BB6D4AF41AC43B01007DFBE1 /* Frameworks */ = {
			isa = PBXFrameworksBuildPhase;
			buildActionMask = 2147483647;
			files = (
			);
			runOnlyForDeploymentPostprocessing = 0;
		};
		BB6D4B061AC43B02007DFBE1 /* Frameworks */ = {
			isa = PBXFrameworksBuildPhase;
			buildActionMask = 2147483647;
			files = (
			);
			runOnlyForDeploymentPostprocessing = 0;
		};
/* End PBXFrameworksBuildPhase section */

/* Begin PBXGroup section */
		BB6D4AEE1AC43B00007DFBE1 = {
			isa = PBXGroup;
			children = (
				BB6D4AF91AC43B01007DFBE1 /* Todo */,
				BB6D4B0C1AC43B02007DFBE1 /* TodoTests */,
				BB6D4AF81AC43B01007DFBE1 /* Products */,
			);
			sourceTree = "<group>";
		};
		BB6D4AF81AC43B01007DFBE1 /* Products */ = {
			isa = PBXGroup;
			children = (
				BB6D4AF71AC43B01007DFBE1 /* Todo.app */,
				BB6D4B091AC43B02007DFBE1 /* TodoTests.xctest */,
			);
			name = Products;
			sourceTree = "<group>";
		};
		BB6D4AF91AC43B01007DFBE1 /* Todo */ = {
			isa = PBXGroup;
			children = (
				BB6D4AFC1AC43B01007DFBE1 /* AppDelegate.swift */,
				BB6D4AFE1AC43B01007DFBE1 /* ViewController.swift */,
				BB4E975D1AC46176006AA108 /* TodoItemViewController.swift */,
				BB6D4B001AC43B01007DFBE1 /* Main.storyboard */,
				BB6D4B031AC43B01007DFBE1 /* Images.xcassets */,
				BB6D4AFA1AC43B01007DFBE1 /* Supporting Files */,
				BB6D4B191AC4416C007DFBE1 /* TodoModel.swift */,
			);
			path = Todo;
			sourceTree = "<group>";
		};
		BB6D4AFA1AC43B01007DFBE1 /* Supporting Files */ = {
			isa = PBXGroup;
			children = (
				BB6D4AFB1AC43B01007DFBE1 /* Info.plist */,
			);
			name = "Supporting Files";
			sourceTree = "<group>";
		};
		BB6D4B0C1AC43B02007DFBE1 /* TodoTests */ = {
			isa = PBXGroup;
			children = (
				BB6D4B0F1AC43B02007DFBE1 /* TodoTests.swift */,
				BB6D4B0D1AC43B02007DFBE1 /* Supporting Files */,
			);
			path = TodoTests;
			sourceTree = "<group>";
		};
		BB6D4B0D1AC43B02007DFBE1 /* Supporting Files */ = {
			isa = PBXGroup;
			children = (
				BB6D4B0E1AC43B02007DFBE1 /* Info.plist */,
			);
			name = "Supporting Files";
			sourceTree = "<group>";
		};
/* End PBXGroup section */

/* Begin PBXNativeTarget section */
		BB6D4AF61AC43B01007DFBE1 /* Todo */ = {
			isa = PBXNativeTarget;
			buildConfigurationList = BB6D4B131AC43B02007DFBE1 /* Build configuration list for PBXNativeTarget "Todo" */;
			buildPhases = (
				BB6D4AF31AC43B01007DFBE1 /* Sources */,
				BB6D4AF41AC43B01007DFBE1 /* Frameworks */,
				BB6D4AF51AC43B01007DFBE1 /* Resources */,
			);
			buildRules = (
			);
			dependencies = (
			);
			name = Todo;
			productName = Todo;
			productReference = BB6D4AF71AC43B01007DFBE1 /* Todo.app */;
			productType = "com.apple.product-type.application";
		};
		BB6D4B081AC43B02007DFBE1 /* TodoTests */ = {
			isa = PBXNativeTarget;
			buildConfigurationList = BB6D4B161AC43B02007DFBE1 /* Build configuration list for PBXNativeTarget "TodoTests" */;
			buildPhases = (
				BB6D4B051AC43B02007DFBE1 /* Sources */,
				BB6D4B061AC43B02007DFBE1 /* Frameworks */,
				BB6D4B071AC43B02007DFBE1 /* Resources */,
			);
			buildRules = (
			);
			dependencies = (
				BB6D4B0B1AC43B02007DFBE1 /* PBXTargetDependency */,
			);
			name = TodoTests;
			productName = TodoTests;
			productReference = BB6D4B091AC43B02007DFBE1 /* TodoTests.xctest */;
			productType = "com.apple.product-type.bundle.unit-test";
		};
/* End PBXNativeTarget section */

/* Begin PBXProject section */
		BB6D4AEF1AC43B00007DFBE1 /* Project object */ = {
			isa = PBXProject;
			attributes = {
				LastUpgradeCheck = 0600;
				ORGANIZATIONNAME = Eular;
				TargetAttributes = {
					BB6D4AF61AC43B01007DFBE1 = {
						CreatedOnToolsVersion = 6.0;
					};
					BB6D4B081AC43B02007DFBE1 = {
						CreatedOnToolsVersion = 6.0;
						TestTargetID = BB6D4AF61AC43B01007DFBE1;
					};
				};
			};
			buildConfigurationList = BB6D4AF21AC43B00007DFBE1 /* Build configuration list for PBXProject "Todo" */;
			compatibilityVersion = "Xcode 3.2";
			developmentRegion = English;
			hasScannedForEncodings = 0;
			knownRegions = (
				en,
				Base,
			);
			mainGroup = BB6D4AEE1AC43B00007DFBE1;
			productRefGroup = BB6D4AF81AC43B01007DFBE1 /* Products */;
			projectDirPath = "";
			projectRoot = "";
			targets = (
				BB6D4AF61AC43B01007DFBE1 /* Todo */,
				BB6D4B081AC43B02007DFBE1 /* TodoTests */,
			);
		};
/* End PBXProject section */

/* Begin PBXResourcesBuildPhase section */
		BB6D4AF51AC43B01007DFBE1 /* Resources */ = {
			isa = PBXResourcesBuildPhase;
			buildActionMask = 2147483647;
			files = (
				BB6D4B021AC43B01007DFBE1 /* Main.storyboard in Resources */,
				BB6D4B041AC43B01007DFBE1 /* Images.xcassets in Resources */,
			);
			runOnlyForDeploymentPostprocessing = 0;
		};
		BB6D4B071AC43B02007DFBE1 /* Resources */ = {
			isa = PBXResourcesBuildPhase;
			buildActionMask = 2147483647;
			files = (
			);
			runOnlyForDeploymentPostprocessing = 0;
		};
/* End PBXResourcesBuildPhase section */

/* Begin PBXSourcesBuildPhase section */
		BB6D4AF31AC43B01007DFBE1 /* Sources */ = {
			isa = PBXSourcesBuildPhase;
			buildActionMask = 2147483647;
			files = (
				BB6D4B1A1AC4416C007DFBE1 /* TodoModel.swift in Sources */,
				BB6D4AFF1AC43B01007DFBE1 /* ViewController.swift in Sources */,
				BB6D4AFD1AC43B01007DFBE1 /* AppDelegate.swift in Sources */,
				BB4E975E1AC46176006AA108 /* TodoItemViewController.swift in Sources */,
			);
			runOnlyForDeploymentPostprocessing = 0;
		};
		BB6D4B051AC43B02007DFBE1 /* Sources */ = {
			isa = PBXSourcesBuildPhase;
			buildActionMask = 2147483647;
			files = (
				BB6D4B101AC43B02007DFBE1 /* TodoTests.swift in Sources */,
			);
			runOnlyForDeploymentPostprocessing = 0;
		};
/* End PBXSourcesBuildPhase section */

/* Begin PBXTargetDependency section */
		BB6D4B0B1AC43B02007DFBE1 /* PBXTargetDependency */ = {
			isa = PBXTargetDependency;
			target = BB6D4AF61AC43B01007DFBE1 /* Todo */;
			targetProxy = BB6D4B0A1AC43B02007DFBE1 /* PBXContainerItemProxy */;
		};
/* End PBXTargetDependency section */

/* Begin PBXVariantGroup section */
		BB6D4B001AC43B01007DFBE1 /* Main.storyboard */ = {
			isa = PBXVariantGroup;
			children = (
				BB6D4B011AC43B01007DFBE1 /* Base */,
			);
			name = Main.storyboard;
			sourceTree = "<group>";
		};
/* End PBXVariantGroup section */

/* Begin XCBuildConfiguration section */
		BB6D4B111AC43B02007DFBE1 /* Debug */ = {
			isa = XCBuildConfiguration;
			buildSettings = {
				ALWAYS_SEARCH_USER_PATHS = NO;
				CLANG_CXX_LANGUAGE_STANDARD = "gnu++0x";
				CLANG_CXX_LIBRARY = "libc++";
				CLANG_ENABLE_MODULES = YES;
				CLANG_ENABLE_OBJC_ARC = YES;
				CLANG_WARN_BOOL_CONVERSION = YES;
				CLANG_WARN_CONSTANT_CONVERSION = YES;
				CLANG_WARN_DIRECT_OBJC_ISA_USAGE = YES_ERROR;
				CLANG_WARN_EMPTY_BODY = YES;
				CLANG_WARN_ENUM_CONVERSION = YES;
				CLANG_WARN_INT_CONVERSION = YES;
				CLANG_WARN_OBJC_ROOT_CLASS = YES_ERROR;
				CLANG_WARN_UNREACHABLE_CODE = YES;
				CLANG_WARN__DUPLICATE_METHOD_MATCH = YES;
				"CODE_SIGN_IDENTITY[sdk=iphoneos*]" = "iPhone Developer";
				COPY_PHASE_STRIP = NO;
				ENABLE_STRICT_OBJC_MSGSEND = YES;
				GCC_C_LANGUAGE_STANDARD = gnu99;
				GCC_DYNAMIC_NO_PIC = NO;
				GCC_OPTIMIZATION_LEVEL = 0;
				GCC_PREPROCESSOR_DEFINITIONS = (
					"DEBUG=1",
					"$(inherited)",
				);
				GCC_SYMBOLS_PRIVATE_EXTERN = NO;
				GCC_WARN_64_TO_32_BIT_CONVERSION = YES;
				GCC_WARN_ABOUT_RETURN_TYPE = YES_ERROR;
				GCC_WARN_UNDECLARED_SELECTOR = YES;
				GCC_WARN_UNINITIALIZED_AUTOS = YES_AGGRESSIVE;
				GCC_WARN_UNUSED_FUNCTION = YES;
				GCC_WARN_UNUSED_VARIABLE = YES;
				IPHONEOS_DEPLOYMENT_TARGET = 8.0;
				MTL_ENABLE_DEBUG_INFO = YES;
				ONLY_ACTIVE_ARCH = YES;
				SDKROOT = iphoneos;
				SWIFT_OPTIMIZATION_LEVEL = "-Onone";
			};
			name = Debug;
		};
		BB6D4B121AC43B02007DFBE1 /* Release */ = {
			isa = XCBuildConfiguration;
			buildSettings = {
				ALWAYS_SEARCH_USER_PATHS = NO;
				CLANG_CXX_LANGUAGE_STANDARD = "gnu++0x";
				CLANG_CXX_LIBRARY = "libc++";
				CLANG_ENABLE_MODULES = YES;
				CLANG_ENABLE_OBJC_ARC = YES;
				CLANG_WARN_BOOL_CONVERSION = YES;
				CLANG_WARN_CONSTANT_CONVERSION = YES;
				CLANG_WARN_DIRECT_OBJC_ISA_USAGE = YES_ERROR;
				CLANG_WARN_EMPTY_BODY = YES;
				CLANG_WARN_ENUM_CONVERSION = YES;
				CLANG_WARN_INT_CONVERSION = YES;
				CLANG_WARN_OBJC_ROOT_CLASS = YES_ERROR;
				CLANG_WARN_UNREACHABLE_CODE = YES;
				CLANG_WARN__DUPLICATE_METHOD_MATCH = YES;
				"CODE_SIGN_IDENTITY[sdk=iphoneos*]" = "iPhone Developer";
				COPY_PHASE_STRIP = YES;
				ENABLE_NS_ASSERTIONS = NO;
				ENABLE_STRICT_OBJC_MSGSEND = YES;
				GCC_C_LANGUAGE_STANDARD = gnu99;
				GCC_WARN_64_TO_32_BIT_CONVERSION = YES;
				GCC_WARN_ABOUT_RETURN_TYPE = YES_ERROR;
				GCC_WARN_UNDECLARED_SELECTOR = YES;
				GCC_WARN_UNINITIALIZED_AUTOS = YES_AGGRESSIVE;
				GCC_WARN_UNUSED_FUNCTION = YES;
				GCC_WARN_UNUSED_VARIABLE = YES;
				IPHONEOS_DEPLOYMENT_TARGET = 8.0;
				MTL_ENABLE_DEBUG_INFO = NO;
				SDKROOT = iphoneos;
				VALIDATE_PRODUCT = YES;
			};
			name = Release;
		};
		BB6D4B141AC43B02007DFBE1 /* Debug */ = {
			isa = XCBuildConfiguration;
			buildSettings = {
				ASSETCATALOG_COMPILER_APPICON_NAME = AppIcon;
				ASSETCATALOG_COMPILER_LAUNCHIMAGE_NAME = LaunchImage;
				INFOPLIST_FILE = Todo/Info.plist;
				LD_RUNPATH_SEARCH_PATHS = "$(inherited) @executable_path/Frameworks";
				PRODUCT_NAME = "$(TARGET_NAME)";
			};
			name = Debug;
		};
		BB6D4B151AC43B02007DFBE1 /* Release */ = {
			isa = XCBuildConfiguration;
			buildSettings = {
				ASSETCATALOG_COMPILER_APPICON_NAME = AppIcon;
				ASSETCATALOG_COMPILER_LAUNCHIMAGE_NAME = LaunchImage;
				INFOPLIST_FILE = Todo/Info.plist;
				LD_RUNPATH_SEARCH_PATHS = "$(inherited) @executable_path/Frameworks";
				PRODUCT_NAME = "$(TARGET_NAME)";
			};
			name = Release;
		};
		BB6D4B171AC43B02007DFBE1 /* Debug */ = {
			isa = XCBuildConfiguration;
			buildSettings = {
				BUNDLE_LOADER = "$(BUILT_PRODUCTS_DIR)/Todo.app/Todo";
				FRAMEWORK_SEARCH_PATHS = (
					"$(SDKROOT)/Developer/Library/Frameworks",
					"$(inherited)",
				);
				GCC_PREPROCESSOR_DEFINITIONS = (
					"DEBUG=1",
					"$(inherited)",
				);
				INFOPLIST_FILE = TodoTests/Info.plist;
				LD_RUNPATH_SEARCH_PATHS = "$(inherited) @executable_path/Frameworks @loader_path/Frameworks";
				PRODUCT_NAME = "$(TARGET_NAME)";
				TEST_HOST = "$(BUNDLE_LOADER)";
			};
			name = Debug;
		};
		BB6D4B181AC43B02007DFBE1 /* Release */ = {
			isa = XCBuildConfiguration;
			buildSettings = {
				BUNDLE_LOADER = "$(BUILT_PRODUCTS_DIR)/Todo.app/Todo";
				FRAMEWORK_SEARCH_PATHS = (
					"$(SDKROOT)/Developer/Library/Frameworks",
					"$(inherited)",
				);
				INFOPLIST_FILE = TodoTests/Info.plist;
				LD_RUNPATH_SEARCH_PATHS = "$(inherited) @executable_path/Frameworks @loader_path/Frameworks";
				PRODUCT_NAME = "$(TARGET_NAME)";
				TEST_HOST = "$(BUNDLE_LOADER)";
			};
			name = Release;
		};
/* End XCBuildConfiguration section */

/* Begin XCConfigurationList section */
		BB6D4AF21AC43B00007DFBE1 /* Build configuration list for PBXProject "Todo" */ = {
			isa = XCConfigurationList;
			buildConfigurations = (
				BB6D4B111AC43B02007DFBE1 /* Debug */,
				BB6D4B121AC43B02007DFBE1 /* Release */,
			);
			defaultConfigurationIsVisible = 0;
			defaultConfigurationName = Release;
		};
		BB6D4B131AC43B02007DFBE1 /* Build configuration list for PBXNativeTarget "Todo" */ = {
			isa = XCConfigurationList;
			buildConfigurations = (
				BB6D4B141AC43B02007DFBE1 /* Debug */,
				BB6D4B151AC43B02007DFBE1 /* Release */,
			);
			defaultConfigurationIsVisible = 0;
			defaultConfigurationName = Release;
		};
		BB6D4B161AC43B02007DFBE1 /* Build configuration list for PBXNativeTarget "TodoTests" */ = {
			isa = XCConfigurationList;
			buildConfigurations = (
				BB6D4B171AC43B02007DFBE1 /* Debug */,
				BB6D4B181AC43B02007DFBE1 /* Release */,
			);
			defaultConfigurationIsVisible = 0;
			defaultConfigurationName = Release;
		};
/* End XCConfigurationList section */
	};
	rootObject = BB6D4AEF1AC43B00007DFBE1 /* Project object */;
}
