// !$*UTF8*$!
{
	archiveVersion = 1;
	classes = {
	};
	objectVersion = 46;
	objects = {

/* Begin PBXBuildFile section */
		BB395DE71AE38103002DC35C /* AppDelegate.swift in Sources */ = {isa = PBXBuildFile; fileRef = BB395DE61AE38103002DC35C /* AppDelegate.swift */; };
		BB395DE91AE38103002DC35C /* ViewController.swift in Sources */ = {isa = PBXBuildFile; fileRef = BB395DE81AE38103002DC35C /* ViewController.swift */; };
		BB395DEC1AE38103002DC35C /* Main.storyboard in Resources */ = {isa = PBXBuildFile; fileRef = BB395DEA1AE38103002DC35C /* Main.storyboard */; };
		BB395DEE1AE38103002DC35C /* Images.xcassets in Resources */ = {isa = PBXBuildFile; fileRef = BB395DED1AE38103002DC35C /* Images.xcassets */; };
		BB395DF11AE38103002DC35C /* LaunchScreen.xib in Resources */ = {isa = PBXBuildFile; fileRef = BB395DEF1AE38103002DC35C /* LaunchScreen.xib */; };
		BB395DFD1AE38103002DC35C /* userDefaultTests.swift in Sources */ = {isa = PBXBuildFile; fileRef = BB395DFC1AE38103002DC35C /* userDefaultTests.swift */; };
/* End PBXBuildFile section */

/* Begin PBXContainerItemProxy section */
		BB395DF71AE38103002DC35C /* PBXContainerItemProxy */ = {
			isa = PBXContainerItemProxy;
			containerPortal = BB395DD91AE38103002DC35C /* Project object */;
			proxyType = 1;
			remoteGlobalIDString = BB395DE01AE38103002DC35C;
			remoteInfo = userDefault;
		};
/* End PBXContainerItemProxy section */

/* Begin PBXFileReference section */
		BB395DE11AE38103002DC35C /* userDefault.app */ = {isa = PBXFileReference; explicitFileType = wrapper.application; includeInIndex = 0; path = userDefault.app; sourceTree = BUILT_PRODUCTS_DIR; };
		BB395DE51AE38103002DC35C /* Info.plist */ = {isa = PBXFileReference; lastKnownFileType = text.plist.xml; path = Info.plist; sourceTree = "<group>"; };
		BB395DE61AE38103002DC35C /* AppDelegate.swift */ = {isa = PBXFileReference; lastKnownFileType = sourcecode.swift; path = AppDelegate.swift; sourceTree = "<group>"; };
		BB395DE81AE38103002DC35C /* ViewController.swift */ = {isa = PBXFileReference; lastKnownFileType = sourcecode.swift; path = ViewController.swift; sourceTree = "<group>"; };
		BB395DEB1AE38103002DC35C /* Base */ = {isa = PBXFileReference; lastKnownFileType = file.storyboard; name = Base; path = Base.lproj/Main.storyboard; sourceTree = "<group>"; };
		BB395DED1AE38103002DC35C /* Images.xcassets */ = {isa = PBXFileReference; lastKnownFileType = folder.assetcatalog; path = Images.xcassets; sourceTree = "<group>"; };
		BB395DF01AE38103002DC35C /* Base */ = {isa = PBXFileReference; lastKnownFileType = file.xib; name = Base; path = Base.lproj/LaunchScreen.xib; sourceTree = "<group>"; };
		BB395DF61AE38103002DC35C /* userDefaultTests.xctest */ = {isa = PBXFileReference; explicitFileType = wrapper.cfbundle; includeInIndex = 0; path = userDefaultTests.xctest; sourceTree = BUILT_PRODUCTS_DIR; };
		BB395DFB1AE38103002DC35C /* Info.plist */ = {isa = PBXFileReference; lastKnownFileType = text.plist.xml; path = Info.plist; sourceTree = "<group>"; };
		BB395DFC1AE38103002DC35C /* userDefaultTests.swift */ = {isa = PBXFileReference; lastKnownFileType = sourcecode.swift; path = userDefaultTests.swift; sourceTree = "<group>"; };
/* End PBXFileReference section */

/* Begin PBXFrameworksBuildPhase section */
		BB395DDE1AE38103002DC35C /* Frameworks */ = {
			isa = PBXFrameworksBuildPhase;
			buildActionMask = 2147483647;
			files = (
			);
			runOnlyForDeploymentPostprocessing = 0;
		};
		BB395DF31AE38103002DC35C /* Frameworks */ = {
			isa = PBXFrameworksBuildPhase;
			buildActionMask = 2147483647;
			files = (
			);
			runOnlyForDeploymentPostprocessing = 0;
		};
/* End PBXFrameworksBuildPhase section */

/* Begin PBXGroup section */
		BB395DD81AE38103002DC35C = {
			isa = PBXGroup;
			children = (
				BB395DE31AE38103002DC35C /* userDefault */,
				BB395DF91AE38103002DC35C /* userDefaultTests */,
				BB395DE21AE38103002DC35C /* Products */,
			);
			sourceTree = "<group>";
		};
		BB395DE21AE38103002DC35C /* Products */ = {
			isa = PBXGroup;
			children = (
				BB395DE11AE38103002DC35C /* userDefault.app */,
				BB395DF61AE38103002DC35C /* userDefaultTests.xctest */,
			);
			name = Products;
			sourceTree = "<group>";
		};
		BB395DE31AE38103002DC35C /* userDefault */ = {
			isa = PBXGroup;
			children = (
				BB395DE61AE38103002DC35C /* AppDelegate.swift */,
				BB395DE81AE38103002DC35C /* ViewController.swift */,
				BB395DEA1AE38103002DC35C /* Main.storyboard */,
				BB395DED1AE38103002DC35C /* Images.xcassets */,
				BB395DEF1AE38103002DC35C /* LaunchScreen.xib */,
				BB395DE41AE38103002DC35C /* Supporting Files */,
			);
			path = userDefault;
			sourceTree = "<group>";
		};
		BB395DE41AE38103002DC35C /* Supporting Files */ = {
			isa = PBXGroup;
			children = (
				BB395DE51AE38103002DC35C /* Info.plist */,
			);
			name = "Supporting Files";
			sourceTree = "<group>";
		};
		BB395DF91AE38103002DC35C /* userDefaultTests */ = {
			isa = PBXGroup;
			children = (
				BB395DFC1AE38103002DC35C /* userDefaultTests.swift */,
				BB395DFA1AE38103002DC35C /* Supporting Files */,
			);
			path = userDefaultTests;
			sourceTree = "<group>";
		};
		BB395DFA1AE38103002DC35C /* Supporting Files */ = {
			isa = PBXGroup;
			children = (
				BB395DFB1AE38103002DC35C /* Info.plist */,
			);
			name = "Supporting Files";
			sourceTree = "<group>";
		};
/* End PBXGroup section */

/* Begin PBXNativeTarget section */
		BB395DE01AE38103002DC35C /* userDefault */ = {
			isa = PBXNativeTarget;
			buildConfigurationList = BB395E001AE38103002DC35C /* Build configuration list for PBXNativeTarget "userDefault" */;
			buildPhases = (
				BB395DDD1AE38103002DC35C /* Sources */,
				BB395DDE1AE38103002DC35C /* Frameworks */,
				BB395DDF1AE38103002DC35C /* Resources */,
			);
			buildRules = (
			);
			dependencies = (
			);
			name = userDefault;
			productName = userDefault;
			productReference = BB395DE11AE38103002DC35C /* userDefault.app */;
			productType = "com.apple.product-type.application";
		};
		BB395DF51AE38103002DC35C /* userDefaultTests */ = {
			isa = PBXNativeTarget;
			buildConfigurationList = BB395E031AE38103002DC35C /* Build configuration list for PBXNativeTarget "userDefaultTests" */;
			buildPhases = (
				BB395DF21AE38103002DC35C /* Sources */,
				BB395DF31AE38103002DC35C /* Frameworks */,
				BB395DF41AE38103002DC35C /* Resources */,
			);
			buildRules = (
			);
			dependencies = (
				BB395DF81AE38103002DC35C /* PBXTargetDependency */,
			);
			name = userDefaultTests;
			productName = userDefaultTests;
			productReference = BB395DF61AE38103002DC35C /* userDefaultTests.xctest */;
			productType = "com.apple.product-type.bundle.unit-test";
		};
/* End PBXNativeTarget section */

/* Begin PBXProject section */
		BB395DD91AE38103002DC35C /* Project object */ = {
			isa = PBXProject;
			attributes = {
				LastUpgradeCheck = 0630;
				ORGANIZATIONNAME = Eular;
				TargetAttributes = {
					BB395DE01AE38103002DC35C = {
						CreatedOnToolsVersion = 6.3;
					};
					BB395DF51AE38103002DC35C = {
						CreatedOnToolsVersion = 6.3;
						TestTargetID = BB395DE01AE38103002DC35C;
					};
				};
			};
			buildConfigurationList = BB395DDC1AE38103002DC35C /* Build configuration list for PBXProject "userDefault" */;
			compatibilityVersion = "Xcode 3.2";
			developmentRegion = English;
			hasScannedForEncodings = 0;
			knownRegions = (
				en,
				Base,
			);
			mainGroup = BB395DD81AE38103002DC35C;
			productRefGroup = BB395DE21AE38103002DC35C /* Products */;
			projectDirPath = "";
			projectRoot = "";
			targets = (
				BB395DE01AE38103002DC35C /* userDefault */,
				BB395DF51AE38103002DC35C /* userDefaultTests */,
			);
		};
/* End PBXProject section */

/* Begin PBXResourcesBuildPhase section */
		BB395DDF1AE38103002DC35C /* Resources */ = {
			isa = PBXResourcesBuildPhase;
			buildActionMask = 2147483647;
			files = (
				BB395DEC1AE38103002DC35C /* Main.storyboard in Resources */,
				BB395DF11AE38103002DC35C /* LaunchScreen.xib in Resources */,
				BB395DEE1AE38103002DC35C /* Images.xcassets in Resources */,
			);
			runOnlyForDeploymentPostprocessing = 0;
		};
		BB395DF41AE38103002DC35C /* Resources */ = {
			isa = PBXResourcesBuildPhase;
			buildActionMask = 2147483647;
			files = (
			);
			runOnlyForDeploymentPostprocessing = 0;
		};
/* End PBXResourcesBuildPhase section */

/* Begin PBXSourcesBuildPhase section */
		BB395DDD1AE38103002DC35C /* Sources */ = {
			isa = PBXSourcesBuildPhase;
			buildActionMask = 2147483647;
			files = (
				BB395DE91AE38103002DC35C /* ViewController.swift in Sources */,
				BB395DE71AE38103002DC35C /* AppDelegate.swift in Sources */,
			);
			runOnlyForDeploymentPostprocessing = 0;
		};
		BB395DF21AE38103002DC35C /* Sources */ = {
			isa = PBXSourcesBuildPhase;
			buildActionMask = 2147483647;
			files = (
				BB395DFD1AE38103002DC35C /* userDefaultTests.swift in Sources */,
			);
			runOnlyForDeploymentPostprocessing = 0;
		};
/* End PBXSourcesBuildPhase section */

/* Begin PBXTargetDependency section */
		BB395DF81AE38103002DC35C /* PBXTargetDependency */ = {
			isa = PBXTargetDependency;
			target = BB395DE01AE38103002DC35C /* userDefault */;
			targetProxy = BB395DF71AE38103002DC35C /* PBXContainerItemProxy */;
		};
/* End PBXTargetDependency section */

/* Begin PBXVariantGroup section */
		BB395DEA1AE38103002DC35C /* Main.storyboard */ = {
			isa = PBXVariantGroup;
			children = (
				BB395DEB1AE38103002DC35C /* Base */,
			);
			name = Main.storyboard;
			sourceTree = "<group>";
		};
		BB395DEF1AE38103002DC35C /* LaunchScreen.xib */ = {
			isa = PBXVariantGroup;
			children = (
				BB395DF01AE38103002DC35C /* Base */,
			);
			name = LaunchScreen.xib;
			sourceTree = "<group>";
		};
/* End PBXVariantGroup section */

/* Begin XCBuildConfiguration section */
		BB395DFE1AE38103002DC35C /* Debug */ = {
			isa = XCBuildConfiguration;
			buildSettings = {
				ALWAYS_SEARCH_USER_PATHS = NO;
				CLANG_CXX_LANGUAGE_STANDARD = "gnu++0x";
				CLANG_CXX_LIBRARY = "libc++";
				CLANG_ENABLE_MODULES = YES;
				CLANG_ENABLE_OBJC_ARC = YES;
				CLANG_WARN_BOOL_CONVERSION = YES;
				CLANG_WARN_CONSTANT_CONVERSION = YES;
				CLANG_WARN_DIRECT_OBJC_ISA_USAGE = YES_ERROR;
				CLANG_WARN_EMPTY_BODY = YES;
				CLANG_WARN_ENUM_CONVERSION = YES;
				CLANG_WARN_INT_CONVERSION = YES;
				CLANG_WARN_OBJC_ROOT_CLASS = YES_ERROR;
				CLANG_WARN_UNREACHABLE_CODE = YES;
				CLANG_WARN__DUPLICATE_METHOD_MATCH = YES;
				"CODE_SIGN_IDENTITY[sdk=iphoneos*]" = "iPhone Developer";
				COPY_PHASE_STRIP = NO;
				DEBUG_INFORMATION_FORMAT = "dwarf-with-dsym";
				ENABLE_STRICT_OBJC_MSGSEND = YES;
				GCC_C_LANGUAGE_STANDARD = gnu99;
				GCC_DYNAMIC_NO_PIC = NO;
				GCC_NO_COMMON_BLOCKS = YES;
				GCC_OPTIMIZATION_LEVEL = 0;
				GCC_PREPROCESSOR_DEFINITIONS = (
					"DEBUG=1",
					"$(inherited)",
				);
				GCC_SYMBOLS_PRIVATE_EXTERN = NO;
				GCC_WARN_64_TO_32_BIT_CONVERSION = YES;
				GCC_WARN_ABOUT_RETURN_TYPE = YES_ERROR;
				GCC_WARN_UNDECLARED_SELECTOR = YES;
				GCC_WARN_UNINITIALIZED_AUTOS = YES_AGGRESSIVE;
				GCC_WARN_UNUSED_FUNCTION = YES;
				GCC_WARN_UNUSED_VARIABLE = YES;
				IPHONEOS_DEPLOYMENT_TARGET = 8.3;
				MTL_ENABLE_DEBUG_INFO = YES;
				ONLY_ACTIVE_ARCH = YES;
				SDKROOT = iphoneos;
				SWIFT_OPTIMIZATION_LEVEL = "-Onone";
			};
			name = Debug;
		};
		BB395DFF1AE38103002DC35C /* Release */ = {
			isa = XCBuildConfiguration;
			buildSettings = {
				ALWAYS_SEARCH_USER_PATHS = NO;
				CLANG_CXX_LANGUAGE_STANDARD = "gnu++0x";
				CLANG_CXX_LIBRARY = "libc++";
				CLANG_ENABLE_MODULES = YES;
				CLANG_ENABLE_OBJC_ARC = YES;
				CLANG_WARN_BOOL_CONVERSION = YES;
				CLANG_WARN_CONSTANT_CONVERSION = YES;
				CLANG_WARN_DIRECT_OBJC_ISA_USAGE = YES_ERROR;
				CLANG_WARN_EMPTY_BODY = YES;
				CLANG_WARN_ENUM_CONVERSION = YES;
				CLANG_WARN_INT_CONVERSION = YES;
				CLANG_WARN_OBJC_ROOT_CLASS = YES_ERROR;
				CLANG_WARN_UNREACHABLE_CODE = YES;
				CLANG_WARN__DUPLICATE_METHOD_MATCH = YES;
				"CODE_SIGN_IDENTITY[sdk=iphoneos*]" = "iPhone Developer";
				COPY_PHASE_STRIP = NO;
				DEBUG_INFORMATION_FORMAT = "dwarf-with-dsym";
				ENABLE_NS_ASSERTIONS = NO;
				ENABLE_STRICT_OBJC_MSGSEND = YES;
				GCC_C_LANGUAGE_STANDARD = gnu99;
				GCC_NO_COMMON_BLOCKS = YES;
				GCC_WARN_64_TO_32_BIT_CONVERSION = YES;
				GCC_WARN_ABOUT_RETURN_TYPE = YES_ERROR;
				GCC_WARN_UNDECLARED_SELECTOR = YES;
				GCC_WARN_UNINITIALIZED_AUTOS = YES_AGGRESSIVE;
				GCC_WARN_UNUSED_FUNCTION = YES;
				GCC_WARN_UNUSED_VARIABLE = YES;
				IPHONEOS_DEPLOYMENT_TARGET = 8.3;
				MTL_ENABLE_DEBUG_INFO = NO;
				SDKROOT = iphoneos;
				VALIDATE_PRODUCT = YES;
			};
			name = Release;
		};
		BB395E011AE38103002DC35C /* Debug */ = {
			isa = XCBuildConfiguration;
			buildSettings = {
				ASSETCATALOG_COMPILER_APPICON_NAME = AppIcon;
				INFOPLIST_FILE = userDefault/Info.plist;
				LD_RUNPATH_SEARCH_PATHS = "$(inherited) @executable_path/Frameworks";
				PRODUCT_NAME = "$(TARGET_NAME)";
			};
			name = Debug;
		};
		BB395E021AE38103002DC35C /* Release */ = {
			isa = XCBuildConfiguration;
			buildSettings = {
				ASSETCATALOG_COMPILER_APPICON_NAME = AppIcon;
				INFOPLIST_FILE = userDefault/Info.plist;
				LD_RUNPATH_SEARCH_PATHS = "$(inherited) @executable_path/Frameworks";
				PRODUCT_NAME = "$(TARGET_NAME)";
			};
			name = Release;
		};
		BB395E041AE38103002DC35C /* Debug */ = {
			isa = XCBuildConfiguration;
			buildSettings = {
				BUNDLE_LOADER = "$(TEST_HOST)";
				FRAMEWORK_SEARCH_PATHS = (
					"$(SDKROOT)/Developer/Library/Frameworks",
					"$(inherited)",
				);
				GCC_PREPROCESSOR_DEFINITIONS = (
					"DEBUG=1",
					"$(inherited)",
				);
				INFOPLIST_FILE = userDefaultTests/Info.plist;
				LD_RUNPATH_SEARCH_PATHS = "$(inherited) @executable_path/Frameworks @loader_path/Frameworks";
				PRODUCT_NAME = "$(TARGET_NAME)";
				TEST_HOST = "$(BUILT_PRODUCTS_DIR)/userDefault.app/userDefault";
			};
			name = Debug;
		};
		BB395E051AE38103002DC35C /* Release */ = {
			isa = XCBuildConfiguration;
			buildSettings = {
				BUNDLE_LOADER = "$(TEST_HOST)";
				FRAMEWORK_SEARCH_PATHS = (
					"$(SDKROOT)/Developer/Library/Frameworks",
					"$(inherited)",
				);
				INFOPLIST_FILE = userDefaultTests/Info.plist;
				LD_RUNPATH_SEARCH_PATHS = "$(inherited) @executable_path/Frameworks @loader_path/Frameworks";
				PRODUCT_NAME = "$(TARGET_NAME)";
				TEST_HOST = "$(BUILT_PRODUCTS_DIR)/userDefault.app/userDefault";
			};
			name = Release;
		};
/* End XCBuildConfiguration section */

/* Begin XCConfigurationList section */
		BB395DDC1AE38103002DC35C /* Build configuration list for PBXProject "userDefault" */ = {
			isa = XCConfigurationList;
			buildConfigurations = (
				BB395DFE1AE38103002DC35C /* Debug */,
				BB395DFF1AE38103002DC35C /* Release */,
			);
			defaultConfigurationIsVisible = 0;
			defaultConfigurationName = Release;
		};
		BB395E001AE38103002DC35C /* Build configuration list for PBXNativeTarget "userDefault" */ = {
			isa = XCConfigurationList;
			buildConfigurations = (
				BB395E011AE38103002DC35C /* Debug */,
				BB395E021AE38103002DC35C /* Release */,
			);
			defaultConfigurationIsVisible = 0;
		};
		BB395E031AE38103002DC35C /* Build configuration list for PBXNativeTarget "userDefaultTests" */ = {
			isa = XCConfigurationList;
			buildConfigurations = (
				BB395E041AE38103002DC35C /* Debug */,
				BB395E051AE38103002DC35C /* Release */,
			);
			defaultConfigurationIsVisible = 0;
		};
/* End XCConfigurationList section */
	};
	rootObject = BB395DD91AE38103002DC35C /* Project object */;
}
