// !$*UTF8*$!
{
	archiveVersion = 1;
	classes = {
	};
	objectVersion = 46;
	objects = {

/* Begin PBXBuildFile section */
		BB395CCF1AE26D8A002DC35C /* AppDelegate.swift in Sources */ = {isa = PBXBuildFile; fileRef = BB395CCE1AE26D8A002DC35C /* AppDelegate.swift */; };
		BB395CD11AE26D8A002DC35C /* ViewController.swift in Sources */ = {isa = PBXBuildFile; fileRef = BB395CD01AE26D8A002DC35C /* ViewController.swift */; };
		BB395CD41AE26D8A002DC35C /* Main.storyboard in Resources */ = {isa = PBXBuildFile; fileRef = BB395CD21AE26D8A002DC35C /* Main.storyboard */; };
		BB395CD61AE26D8A002DC35C /* Images.xcassets in Resources */ = {isa = PBXBuildFile; fileRef = BB395CD51AE26D8A002DC35C /* Images.xcassets */; };
		BB395CD91AE26D8A002DC35C /* LaunchScreen.xib in Resources */ = {isa = PBXBuildFile; fileRef = BB395CD71AE26D8A002DC35C /* LaunchScreen.xib */; };
		BB395CE51AE26D8A002DC35C /* touchEventTests.swift in Sources */ = {isa = PBXBuildFile; fileRef = BB395CE41AE26D8A002DC35C /* touchEventTests.swift */; };
/* End PBXBuildFile section */

/* Begin PBXContainerItemProxy section */
		BB395CDF1AE26D8A002DC35C /* PBXContainerItemProxy */ = {
			isa = PBXContainerItemProxy;
			containerPortal = BB395CC11AE26D8A002DC35C /* Project object */;
			proxyType = 1;
			remoteGlobalIDString = BB395CC81AE26D8A002DC35C;
			remoteInfo = touchEvent;
		};
/* End PBXContainerItemProxy section */

/* Begin PBXFileReference section */
		BB395CC91AE26D8A002DC35C /* touchEvent.app */ = {isa = PBXFileReference; explicitFileType = wrapper.application; includeInIndex = 0; path = touchEvent.app; sourceTree = BUILT_PRODUCTS_DIR; };
		BB395CCD1AE26D8A002DC35C /* Info.plist */ = {isa = PBXFileReference; lastKnownFileType = text.plist.xml; path = Info.plist; sourceTree = "<group>"; };
		BB395CCE1AE26D8A002DC35C /* AppDelegate.swift */ = {isa = PBXFileReference; lastKnownFileType = sourcecode.swift; path = AppDelegate.swift; sourceTree = "<group>"; };
		BB395CD01AE26D8A002DC35C /* ViewController.swift */ = {isa = PBXFileReference; lastKnownFileType = sourcecode.swift; path = ViewController.swift; sourceTree = "<group>"; };
		BB395CD31AE26D8A002DC35C /* Base */ = {isa = PBXFileReference; lastKnownFileType = file.storyboard; name = Base; path = Base.lproj/Main.storyboard; sourceTree = "<group>"; };
		BB395CD51AE26D8A002DC35C /* Images.xcassets */ = {isa = PBXFileReference; lastKnownFileType = folder.assetcatalog; path = Images.xcassets; sourceTree = "<group>"; };
		BB395CD81AE26D8A002DC35C /* Base */ = {isa = PBXFileReference; lastKnownFileType = file.xib; name = Base; path = Base.lproj/LaunchScreen.xib; sourceTree = "<group>"; };
		BB395CDE1AE26D8A002DC35C /* touchEventTests.xctest */ = {isa = PBXFileReference; explicitFileType = wrapper.cfbundle; includeInIndex = 0; path = touchEventTests.xctest; sourceTree = BUILT_PRODUCTS_DIR; };
		BB395CE31AE26D8A002DC35C /* Info.plist */ = {isa = PBXFileReference; lastKnownFileType = text.plist.xml; path = Info.plist; sourceTree = "<group>"; };
		BB395CE41AE26D8A002DC35C /* touchEventTests.swift */ = {isa = PBXFileReference; lastKnownFileType = sourcecode.swift; path = touchEventTests.swift; sourceTree = "<group>"; };
/* End PBXFileReference section */

/* Begin PBXFrameworksBuildPhase section */
		BB395CC61AE26D8A002DC35C /* Frameworks */ = {
			isa = PBXFrameworksBuildPhase;
			buildActionMask = 2147483647;
			files = (
			);
			runOnlyForDeploymentPostprocessing = 0;
		};
		BB395CDB1AE26D8A002DC35C /* Frameworks */ = {
			isa = PBXFrameworksBuildPhase;
			buildActionMask = 2147483647;
			files = (
			);
			runOnlyForDeploymentPostprocessing = 0;
		};
/* End PBXFrameworksBuildPhase section */

/* Begin PBXGroup section */
		BB395CC01AE26D8A002DC35C = {
			isa = PBXGroup;
			children = (
				BB395CCB1AE26D8A002DC35C /* touchEvent */,
				BB395CE11AE26D8A002DC35C /* touchEventTests */,
				BB395CCA1AE26D8A002DC35C /* Products */,
			);
			sourceTree = "<group>";
		};
		BB395CCA1AE26D8A002DC35C /* Products */ = {
			isa = PBXGroup;
			children = (
				BB395CC91AE26D8A002DC35C /* touchEvent.app */,
				BB395CDE1AE26D8A002DC35C /* touchEventTests.xctest */,
			);
			name = Products;
			sourceTree = "<group>";
		};
		BB395CCB1AE26D8A002DC35C /* touchEvent */ = {
			isa = PBXGroup;
			children = (
				BB395CCE1AE26D8A002DC35C /* AppDelegate.swift */,
				BB395CD01AE26D8A002DC35C /* ViewController.swift */,
				BB395CD21AE26D8A002DC35C /* Main.storyboard */,
				BB395CD51AE26D8A002DC35C /* Images.xcassets */,
				BB395CD71AE26D8A002DC35C /* LaunchScreen.xib */,
				BB395CCC1AE26D8A002DC35C /* Supporting Files */,
			);
			path = touchEvent;
			sourceTree = "<group>";
		};
		BB395CCC1AE26D8A002DC35C /* Supporting Files */ = {
			isa = PBXGroup;
			children = (
				BB395CCD1AE26D8A002DC35C /* Info.plist */,
			);
			name = "Supporting Files";
			sourceTree = "<group>";
		};
		BB395CE11AE26D8A002DC35C /* touchEventTests */ = {
			isa = PBXGroup;
			children = (
				BB395CE41AE26D8A002DC35C /* touchEventTests.swift */,
				BB395CE21AE26D8A002DC35C /* Supporting Files */,
			);
			path = touchEventTests;
			sourceTree = "<group>";
		};
		BB395CE21AE26D8A002DC35C /* Supporting Files */ = {
			isa = PBXGroup;
			children = (
				BB395CE31AE26D8A002DC35C /* Info.plist */,
			);
			name = "Supporting Files";
			sourceTree = "<group>";
		};
/* End PBXGroup section */

/* Begin PBXNativeTarget section */
		BB395CC81AE26D8A002DC35C /* touchEvent */ = {
			isa = PBXNativeTarget;
			buildConfigurationList = BB395CE81AE26D8A002DC35C /* Build configuration list for PBXNativeTarget "touchEvent" */;
			buildPhases = (
				BB395CC51AE26D8A002DC35C /* Sources */,
				BB395CC61AE26D8A002DC35C /* Frameworks */,
				BB395CC71AE26D8A002DC35C /* Resources */,
			);
			buildRules = (
			);
			dependencies = (
			);
			name = touchEvent;
			productName = touchEvent;
			productReference = BB395CC91AE26D8A002DC35C /* touchEvent.app */;
			productType = "com.apple.product-type.application";
		};
		BB395CDD1AE26D8A002DC35C /* touchEventTests */ = {
			isa = PBXNativeTarget;
			buildConfigurationList = BB395CEB1AE26D8A002DC35C /* Build configuration list for PBXNativeTarget "touchEventTests" */;
			buildPhases = (
				BB395CDA1AE26D8A002DC35C /* Sources */,
				BB395CDB1AE26D8A002DC35C /* Frameworks */,
				BB395CDC1AE26D8A002DC35C /* Resources */,
			);
			buildRules = (
			);
			dependencies = (
				BB395CE01AE26D8A002DC35C /* PBXTargetDependency */,
			);
			name = touchEventTests;
			productName = touchEventTests;
			productReference = BB395CDE1AE26D8A002DC35C /* touchEventTests.xctest */;
			productType = "com.apple.product-type.bundle.unit-test";
		};
/* End PBXNativeTarget section */

/* Begin PBXProject section */
		BB395CC11AE26D8A002DC35C /* Project object */ = {
			isa = PBXProject;
			attributes = {
				LastUpgradeCheck = 0630;
				ORGANIZATIONNAME = Eular;
				TargetAttributes = {
					BB395CC81AE26D8A002DC35C = {
						CreatedOnToolsVersion = 6.3;
					};
					BB395CDD1AE26D8A002DC35C = {
						CreatedOnToolsVersion = 6.3;
						TestTargetID = BB395CC81AE26D8A002DC35C;
					};
				};
			};
			buildConfigurationList = BB395CC41AE26D8A002DC35C /* Build configuration list for PBXProject "touchEvent" */;
			compatibilityVersion = "Xcode 3.2";
			developmentRegion = English;
			hasScannedForEncodings = 0;
			knownRegions = (
				en,
				Base,
			);
			mainGroup = BB395CC01AE26D8A002DC35C;
			productRefGroup = BB395CCA1AE26D8A002DC35C /* Products */;
			projectDirPath = "";
			projectRoot = "";
			targets = (
				BB395CC81AE26D8A002DC35C /* touchEvent */,
				BB395CDD1AE26D8A002DC35C /* touchEventTests */,
			);
		};
/* End PBXProject section */

/* Begin PBXResourcesBuildPhase section */
		BB395CC71AE26D8A002DC35C /* Resources */ = {
			isa = PBXResourcesBuildPhase;
			buildActionMask = 2147483647;
			files = (
				BB395CD41AE26D8A002DC35C /* Main.storyboard in Resources */,
				BB395CD91AE26D8A002DC35C /* LaunchScreen.xib in Resources */,
				BB395CD61AE26D8A002DC35C /* Images.xcassets in Resources */,
			);
			runOnlyForDeploymentPostprocessing = 0;
		};
		BB395CDC1AE26D8A002DC35C /* Resources */ = {
			isa = PBXResourcesBuildPhase;
			buildActionMask = 2147483647;
			files = (
			);
			runOnlyForDeploymentPostprocessing = 0;
		};
/* End PBXResourcesBuildPhase section */

/* Begin PBXSourcesBuildPhase section */
		BB395CC51AE26D8A002DC35C /* Sources */ = {
			isa = PBXSourcesBuildPhase;
			buildActionMask = 2147483647;
			files = (
				BB395CD11AE26D8A002DC35C /* ViewController.swift in Sources */,
				BB395CCF1AE26D8A002DC35C /* AppDelegate.swift in Sources */,
			);
			runOnlyForDeploymentPostprocessing = 0;
		};
		BB395CDA1AE26D8A002DC35C /* Sources */ = {
			isa = PBXSourcesBuildPhase;
			buildActionMask = 2147483647;
			files = (
				BB395CE51AE26D8A002DC35C /* touchEventTests.swift in Sources */,
			);
			runOnlyForDeploymentPostprocessing = 0;
		};
/* End PBXSourcesBuildPhase section */

/* Begin PBXTargetDependency section */
		BB395CE01AE26D8A002DC35C /* PBXTargetDependency */ = {
			isa = PBXTargetDependency;
			target = BB395CC81AE26D8A002DC35C /* touchEvent */;
			targetProxy = BB395CDF1AE26D8A002DC35C /* PBXContainerItemProxy */;
		};
/* End PBXTargetDependency section */

/* Begin PBXVariantGroup section */
		BB395CD21AE26D8A002DC35C /* Main.storyboard */ = {
			isa = PBXVariantGroup;
			children = (
				BB395CD31AE26D8A002DC35C /* Base */,
			);
			name = Main.storyboard;
			sourceTree = "<group>";
		};
		BB395CD71AE26D8A002DC35C /* LaunchScreen.xib */ = {
			isa = PBXVariantGroup;
			children = (
				BB395CD81AE26D8A002DC35C /* Base */,
			);
			name = LaunchScreen.xib;
			sourceTree = "<group>";
		};
/* End PBXVariantGroup section */

/* Begin XCBuildConfiguration section */
		BB395CE61AE26D8A002DC35C /* Debug */ = {
			isa = XCBuildConfiguration;
			buildSettings = {
				ALWAYS_SEARCH_USER_PATHS = NO;
				CLANG_CXX_LANGUAGE_STANDARD = "gnu++0x";
				CLANG_CXX_LIBRARY = "libc++";
				CLANG_ENABLE_MODULES = YES;
				CLANG_ENABLE_OBJC_ARC = YES;
				CLANG_WARN_BOOL_CONVERSION = YES;
				CLANG_WARN_CONSTANT_CONVERSION = YES;
				CLANG_WARN_DIRECT_OBJC_ISA_USAGE = YES_ERROR;
				CLANG_WARN_EMPTY_BODY = YES;
				CLANG_WARN_ENUM_CONVERSION = YES;
				CLANG_WARN_INT_CONVERSION = YES;
				CLANG_WARN_OBJC_ROOT_CLASS = YES_ERROR;
				CLANG_WARN_UNREACHABLE_CODE = YES;
				CLANG_WARN__DUPLICATE_METHOD_MATCH = YES;
				"CODE_SIGN_IDENTITY[sdk=iphoneos*]" = "iPhone Developer";
				COPY_PHASE_STRIP = NO;
				DEBUG_INFORMATION_FORMAT = "dwarf-with-dsym";
				ENABLE_STRICT_OBJC_MSGSEND = YES;
				GCC_C_LANGUAGE_STANDARD = gnu99;
				GCC_DYNAMIC_NO_PIC = NO;
				GCC_NO_COMMON_BLOCKS = YES;
				GCC_OPTIMIZATION_LEVEL = 0;
				GCC_PREPROCESSOR_DEFINITIONS = (
					"DEBUG=1",
					"$(inherited)",
				);
				GCC_SYMBOLS_PRIVATE_EXTERN = NO;
				GCC_WARN_64_TO_32_BIT_CONVERSION = YES;
				GCC_WARN_ABOUT_RETURN_TYPE = YES_ERROR;
				GCC_WARN_UNDECLARED_SELECTOR = YES;
				GCC_WARN_UNINITIALIZED_AUTOS = YES_AGGRESSIVE;
				GCC_WARN_UNUSED_FUNCTION = YES;
				GCC_WARN_UNUSED_VARIABLE = YES;
				IPHONEOS_DEPLOYMENT_TARGET = 8.3;
				MTL_ENABLE_DEBUG_INFO = YES;
				ONLY_ACTIVE_ARCH = YES;
				SDKROOT = iphoneos;
				SWIFT_OPTIMIZATION_LEVEL = "-Onone";
			};
			name = Debug;
		};
		BB395CE71AE26D8A002DC35C /* Release */ = {
			isa = XCBuildConfiguration;
			buildSettings = {
				ALWAYS_SEARCH_USER_PATHS = NO;
				CLANG_CXX_LANGUAGE_STANDARD = "gnu++0x";
				CLANG_CXX_LIBRARY = "libc++";
				CLANG_ENABLE_MODULES = YES;
				CLANG_ENABLE_OBJC_ARC = YES;
				CLANG_WARN_BOOL_CONVERSION = YES;
				CLANG_WARN_CONSTANT_CONVERSION = YES;
				CLANG_WARN_DIRECT_OBJC_ISA_USAGE = YES_ERROR;
				CLANG_WARN_EMPTY_BODY = YES;
				CLANG_WARN_ENUM_CONVERSION = YES;
				CLANG_WARN_INT_CONVERSION = YES;
				CLANG_WARN_OBJC_ROOT_CLASS = YES_ERROR;
				CLANG_WARN_UNREACHABLE_CODE = YES;
				CLANG_WARN__DUPLICATE_METHOD_MATCH = YES;
				"CODE_SIGN_IDENTITY[sdk=iphoneos*]" = "iPhone Developer";
				COPY_PHASE_STRIP = NO;
				DEBUG_INFORMATION_FORMAT = "dwarf-with-dsym";
				ENABLE_NS_ASSERTIONS = NO;
				ENABLE_STRICT_OBJC_MSGSEND = YES;
				GCC_C_LANGUAGE_STANDARD = gnu99;
				GCC_NO_COMMON_BLOCKS = YES;
				GCC_WARN_64_TO_32_BIT_CONVERSION = YES;
				GCC_WARN_ABOUT_RETURN_TYPE = YES_ERROR;
				GCC_WARN_UNDECLARED_SELECTOR = YES;
				GCC_WARN_UNINITIALIZED_AUTOS = YES_AGGRESSIVE;
				GCC_WARN_UNUSED_FUNCTION = YES;
				GCC_WARN_UNUSED_VARIABLE = YES;
				IPHONEOS_DEPLOYMENT_TARGET = 8.3;
				MTL_ENABLE_DEBUG_INFO = NO;
				SDKROOT = iphoneos;
				VALIDATE_PRODUCT = YES;
			};
			name = Release;
		};
		BB395CE91AE26D8A002DC35C /* Debug */ = {
			isa = XCBuildConfiguration;
			buildSettings = {
				ASSETCATALOG_COMPILER_APPICON_NAME = AppIcon;
				INFOPLIST_FILE = touchEvent/Info.plist;
				LD_RUNPATH_SEARCH_PATHS = "$(inherited) @executable_path/Frameworks";
				PRODUCT_NAME = "$(TARGET_NAME)";
			};
			name = Debug;
		};
		BB395CEA1AE26D8A002DC35C /* Release */ = {
			isa = XCBuildConfiguration;
			buildSettings = {
				ASSETCATALOG_COMPILER_APPICON_NAME = AppIcon;
				INFOPLIST_FILE = touchEvent/Info.plist;
				LD_RUNPATH_SEARCH_PATHS = "$(inherited) @executable_path/Frameworks";
				PRODUCT_NAME = "$(TARGET_NAME)";
			};
			name = Release;
		};
		BB395CEC1AE26D8A002DC35C /* Debug */ = {
			isa = XCBuildConfiguration;
			buildSettings = {
				BUNDLE_LOADER = "$(TEST_HOST)";
				FRAMEWORK_SEARCH_PATHS = (
					"$(SDKROOT)/Developer/Library/Frameworks",
					"$(inherited)",
				);
				GCC_PREPROCESSOR_DEFINITIONS = (
					"DEBUG=1",
					"$(inherited)",
				);
				INFOPLIST_FILE = touchEventTests/Info.plist;
				LD_RUNPATH_SEARCH_PATHS = "$(inherited) @executable_path/Frameworks @loader_path/Frameworks";
				PRODUCT_NAME = "$(TARGET_NAME)";
				TEST_HOST = "$(BUILT_PRODUCTS_DIR)/touchEvent.app/touchEvent";
			};
			name = Debug;
		};
		BB395CED1AE26D8A002DC35C /* Release */ = {
			isa = XCBuildConfiguration;
			buildSettings = {
				BUNDLE_LOADER = "$(TEST_HOST)";
				FRAMEWORK_SEARCH_PATHS = (
					"$(SDKROOT)/Developer/Library/Frameworks",
					"$(inherited)",
				);
				INFOPLIST_FILE = touchEventTests/Info.plist;
				LD_RUNPATH_SEARCH_PATHS = "$(inherited) @executable_path/Frameworks @loader_path/Frameworks";
				PRODUCT_NAME = "$(TARGET_NAME)";
				TEST_HOST = "$(BUILT_PRODUCTS_DIR)/touchEvent.app/touchEvent";
			};
			name = Release;
		};
/* End XCBuildConfiguration section */

/* Begin XCConfigurationList section */
		BB395CC41AE26D8A002DC35C /* Build configuration list for PBXProject "touchEvent" */ = {
			isa = XCConfigurationList;
			buildConfigurations = (
				BB395CE61AE26D8A002DC35C /* Debug */,
				BB395CE71AE26D8A002DC35C /* Release */,
			);
			defaultConfigurationIsVisible = 0;
			defaultConfigurationName = Release;
		};
		BB395CE81AE26D8A002DC35C /* Build configuration list for PBXNativeTarget "touchEvent" */ = {
			isa = XCConfigurationList;
			buildConfigurations = (
				BB395CE91AE26D8A002DC35C /* Debug */,
				BB395CEA1AE26D8A002DC35C /* Release */,
			);
			defaultConfigurationIsVisible = 0;
		};
		BB395CEB1AE26D8A002DC35C /* Build configuration list for PBXNativeTarget "touchEventTests" */ = {
			isa = XCConfigurationList;
			buildConfigurations = (
				BB395CEC1AE26D8A002DC35C /* Debug */,
				BB395CED1AE26D8A002DC35C /* Release */,
			);
			defaultConfigurationIsVisible = 0;
		};
/* End XCConfigurationList section */
	};
	rootObject = BB395CC11AE26D8A002DC35C /* Project object */;
}
