// !$*UTF8*$!
{
	archiveVersion = 1;
	classes = {
	};
	objectVersion = 46;
	objects = {

/* Begin PBXBuildFile section */
		BBE6F5781AC1F69200C4A591 /* AppDelegate.swift in Sources */ = {isa = PBXBuildFile; fileRef = BBE6F5771AC1F69200C4A591 /* AppDelegate.swift */; };
		BBE6F57A1AC1F69200C4A591 /* ViewController.swift in Sources */ = {isa = PBXBuildFile; fileRef = BBE6F5791AC1F69200C4A591 /* ViewController.swift */; };
		BBE6F57D1AC1F69200C4A591 /* Main.storyboard in Resources */ = {isa = PBXBuildFile; fileRef = BBE6F57B1AC1F69200C4A591 /* Main.storyboard */; };
		BBE6F57F1AC1F69200C4A591 /* Images.xcassets in Resources */ = {isa = PBXBuildFile; fileRef = BBE6F57E1AC1F69200C4A591 /* Images.xcassets */; };
		BBE6F58B1AC1F69200C4A591 /* demo_5Tests.swift in Sources */ = {isa = PBXBuildFile; fileRef = BBE6F58A1AC1F69200C4A591 /* demo_5Tests.swift */; };
/* End PBXBuildFile section */

/* Begin PBXContainerItemProxy section */
		BBE6F5851AC1F69200C4A591 /* PBXContainerItemProxy */ = {
			isa = PBXContainerItemProxy;
			containerPortal = BBE6F56A1AC1F69100C4A591 /* Project object */;
			proxyType = 1;
			remoteGlobalIDString = BBE6F5711AC1F69200C4A591;
			remoteInfo = demo.5;
		};
/* End PBXContainerItemProxy section */

/* Begin PBXFileReference section */
		BBE6F5721AC1F69200C4A591 /* demo.5.app */ = {isa = PBXFileReference; explicitFileType = wrapper.application; includeInIndex = 0; path = demo.5.app; sourceTree = BUILT_PRODUCTS_DIR; };
		BBE6F5761AC1F69200C4A591 /* Info.plist */ = {isa = PBXFileReference; lastKnownFileType = text.plist.xml; path = Info.plist; sourceTree = "<group>"; };
		BBE6F5771AC1F69200C4A591 /* AppDelegate.swift */ = {isa = PBXFileReference; lastKnownFileType = sourcecode.swift; path = AppDelegate.swift; sourceTree = "<group>"; };
		BBE6F5791AC1F69200C4A591 /* ViewController.swift */ = {isa = PBXFileReference; lastKnownFileType = sourcecode.swift; path = ViewController.swift; sourceTree = "<group>"; };
		BBE6F57C1AC1F69200C4A591 /* Base */ = {isa = PBXFileReference; lastKnownFileType = file.storyboard; name = Base; path = Base.lproj/Main.storyboard; sourceTree = "<group>"; };
		BBE6F57E1AC1F69200C4A591 /* Images.xcassets */ = {isa = PBXFileReference; lastKnownFileType = folder.assetcatalog; path = Images.xcassets; sourceTree = "<group>"; };
		BBE6F5841AC1F69200C4A591 /* demo.5Tests.xctest */ = {isa = PBXFileReference; explicitFileType = wrapper.cfbundle; includeInIndex = 0; path = demo.5Tests.xctest; sourceTree = BUILT_PRODUCTS_DIR; };
		BBE6F5891AC1F69200C4A591 /* Info.plist */ = {isa = PBXFileReference; lastKnownFileType = text.plist.xml; path = Info.plist; sourceTree = "<group>"; };
		BBE6F58A1AC1F69200C4A591 /* demo_5Tests.swift */ = {isa = PBXFileReference; lastKnownFileType = sourcecode.swift; path = demo_5Tests.swift; sourceTree = "<group>"; };
/* End PBXFileReference section */

/* Begin PBXFrameworksBuildPhase section */
		BBE6F56F1AC1F69200C4A591 /* Frameworks */ = {
			isa = PBXFrameworksBuildPhase;
			buildActionMask = 2147483647;
			files = (
			);
			runOnlyForDeploymentPostprocessing = 0;
		};
		BBE6F5811AC1F69200C4A591 /* Frameworks */ = {
			isa = PBXFrameworksBuildPhase;
			buildActionMask = 2147483647;
			files = (
			);
			runOnlyForDeploymentPostprocessing = 0;
		};
/* End PBXFrameworksBuildPhase section */

/* Begin PBXGroup section */
		BBE6F5691AC1F69100C4A591 = {
			isa = PBXGroup;
			children = (
				BBE6F5741AC1F69200C4A591 /* demo.5 */,
				BBE6F5871AC1F69200C4A591 /* demo.5Tests */,
				BBE6F5731AC1F69200C4A591 /* Products */,
			);
			sourceTree = "<group>";
		};
		BBE6F5731AC1F69200C4A591 /* Products */ = {
			isa = PBXGroup;
			children = (
				BBE6F5721AC1F69200C4A591 /* demo.5.app */,
				BBE6F5841AC1F69200C4A591 /* demo.5Tests.xctest */,
			);
			name = Products;
			sourceTree = "<group>";
		};
		BBE6F5741AC1F69200C4A591 /* demo.5 */ = {
			isa = PBXGroup;
			children = (
				BBE6F5771AC1F69200C4A591 /* AppDelegate.swift */,
				BBE6F5791AC1F69200C4A591 /* ViewController.swift */,
				BBE6F57B1AC1F69200C4A591 /* Main.storyboard */,
				BBE6F57E1AC1F69200C4A591 /* Images.xcassets */,
				BBE6F5751AC1F69200C4A591 /* Supporting Files */,
			);
			path = demo.5;
			sourceTree = "<group>";
		};
		BBE6F5751AC1F69200C4A591 /* Supporting Files */ = {
			isa = PBXGroup;
			children = (
				BBE6F5761AC1F69200C4A591 /* Info.plist */,
			);
			name = "Supporting Files";
			sourceTree = "<group>";
		};
		BBE6F5871AC1F69200C4A591 /* demo.5Tests */ = {
			isa = PBXGroup;
			children = (
				BBE6F58A1AC1F69200C4A591 /* demo_5Tests.swift */,
				BBE6F5881AC1F69200C4A591 /* Supporting Files */,
			);
			path = demo.5Tests;
			sourceTree = "<group>";
		};
		BBE6F5881AC1F69200C4A591 /* Supporting Files */ = {
			isa = PBXGroup;
			children = (
				BBE6F5891AC1F69200C4A591 /* Info.plist */,
			);
			name = "Supporting Files";
			sourceTree = "<group>";
		};
/* End PBXGroup section */

/* Begin PBXNativeTarget section */
		BBE6F5711AC1F69200C4A591 /* demo.5 */ = {
			isa = PBXNativeTarget;
			buildConfigurationList = BBE6F58E1AC1F69300C4A591 /* Build configuration list for PBXNativeTarget "demo.5" */;
			buildPhases = (
				BBE6F56E1AC1F69200C4A591 /* Sources */,
				BBE6F56F1AC1F69200C4A591 /* Frameworks */,
				BBE6F5701AC1F69200C4A591 /* Resources */,
			);
			buildRules = (
			);
			dependencies = (
			);
			name = demo.5;
			productName = demo.5;
			productReference = BBE6F5721AC1F69200C4A591 /* demo.5.app */;
			productType = "com.apple.product-type.application";
		};
		BBE6F5831AC1F69200C4A591 /* demo.5Tests */ = {
			isa = PBXNativeTarget;
			buildConfigurationList = BBE6F5911AC1F69300C4A591 /* Build configuration list for PBXNativeTarget "demo.5Tests" */;
			buildPhases = (
				BBE6F5801AC1F69200C4A591 /* Sources */,
				BBE6F5811AC1F69200C4A591 /* Frameworks */,
				BBE6F5821AC1F69200C4A591 /* Resources */,
			);
			buildRules = (
			);
			dependencies = (
				BBE6F5861AC1F69200C4A591 /* PBXTargetDependency */,
			);
			name = demo.5Tests;
			productName = demo.5Tests;
			productReference = BBE6F5841AC1F69200C4A591 /* demo.5Tests.xctest */;
			productType = "com.apple.product-type.bundle.unit-test";
		};
/* End PBXNativeTarget section */

/* Begin PBXProject section */
		BBE6F56A1AC1F69100C4A591 /* Project object */ = {
			isa = PBXProject;
			attributes = {
				LastUpgradeCheck = 0600;
				ORGANIZATIONNAME = Eular;
				TargetAttributes = {
					BBE6F5711AC1F69200C4A591 = {
						CreatedOnToolsVersion = 6.0;
					};
					BBE6F5831AC1F69200C4A591 = {
						CreatedOnToolsVersion = 6.0;
						TestTargetID = BBE6F5711AC1F69200C4A591;
					};
				};
			};
			buildConfigurationList = BBE6F56D1AC1F69100C4A591 /* Build configuration list for PBXProject "demo.5" */;
			compatibilityVersion = "Xcode 3.2";
			developmentRegion = English;
			hasScannedForEncodings = 0;
			knownRegions = (
				en,
				Base,
			);
			mainGroup = BBE6F5691AC1F69100C4A591;
			productRefGroup = BBE6F5731AC1F69200C4A591 /* Products */;
			projectDirPath = "";
			projectRoot = "";
			targets = (
				BBE6F5711AC1F69200C4A591 /* demo.5 */,
				BBE6F5831AC1F69200C4A591 /* demo.5Tests */,
			);
		};
/* End PBXProject section */

/* Begin PBXResourcesBuildPhase section */
		BBE6F5701AC1F69200C4A591 /* Resources */ = {
			isa = PBXResourcesBuildPhase;
			buildActionMask = 2147483647;
			files = (
				BBE6F57D1AC1F69200C4A591 /* Main.storyboard in Resources */,
				BBE6F57F1AC1F69200C4A591 /* Images.xcassets in Resources */,
			);
			runOnlyForDeploymentPostprocessing = 0;
		};
		BBE6F5821AC1F69200C4A591 /* Resources */ = {
			isa = PBXResourcesBuildPhase;
			buildActionMask = 2147483647;
			files = (
			);
			runOnlyForDeploymentPostprocessing = 0;
		};
/* End PBXResourcesBuildPhase section */

/* Begin PBXSourcesBuildPhase section */
		BBE6F56E1AC1F69200C4A591 /* Sources */ = {
			isa = PBXSourcesBuildPhase;
			buildActionMask = 2147483647;
			files = (
				BBE6F57A1AC1F69200C4A591 /* ViewController.swift in Sources */,
				BBE6F5781AC1F69200C4A591 /* AppDelegate.swift in Sources */,
			);
			runOnlyForDeploymentPostprocessing = 0;
		};
		BBE6F5801AC1F69200C4A591 /* Sources */ = {
			isa = PBXSourcesBuildPhase;
			buildActionMask = 2147483647;
			files = (
				BBE6F58B1AC1F69200C4A591 /* demo_5Tests.swift in Sources */,
			);
			runOnlyForDeploymentPostprocessing = 0;
		};
/* End PBXSourcesBuildPhase section */

/* Begin PBXTargetDependency section */
		BBE6F5861AC1F69200C4A591 /* PBXTargetDependency */ = {
			isa = PBXTargetDependency;
			target = BBE6F5711AC1F69200C4A591 /* demo.5 */;
			targetProxy = BBE6F5851AC1F69200C4A591 /* PBXContainerItemProxy */;
		};
/* End PBXTargetDependency section */

/* Begin PBXVariantGroup section */
		BBE6F57B1AC1F69200C4A591 /* Main.storyboard */ = {
			isa = PBXVariantGroup;
			children = (
				BBE6F57C1AC1F69200C4A591 /* Base */,
			);
			name = Main.storyboard;
			sourceTree = "<group>";
		};
/* End PBXVariantGroup section */

/* Begin XCBuildConfiguration section */
		BBE6F58C1AC1F69300C4A591 /* Debug */ = {
			isa = XCBuildConfiguration;
			buildSettings = {
				ALWAYS_SEARCH_USER_PATHS = NO;
				CLANG_CXX_LANGUAGE_STANDARD = "gnu++0x";
				CLANG_CXX_LIBRARY = "libc++";
				CLANG_ENABLE_MODULES = YES;
				CLANG_ENABLE_OBJC_ARC = YES;
				CLANG_WARN_BOOL_CONVERSION = YES;
				CLANG_WARN_CONSTANT_CONVERSION = YES;
				CLANG_WARN_DIRECT_OBJC_ISA_USAGE = YES_ERROR;
				CLANG_WARN_EMPTY_BODY = YES;
				CLANG_WARN_ENUM_CONVERSION = YES;
				CLANG_WARN_INT_CONVERSION = YES;
				CLANG_WARN_OBJC_ROOT_CLASS = YES_ERROR;
				CLANG_WARN_UNREACHABLE_CODE = YES;
				CLANG_WARN__DUPLICATE_METHOD_MATCH = YES;
				"CODE_SIGN_IDENTITY[sdk=iphoneos*]" = "iPhone Developer";
				COPY_PHASE_STRIP = NO;
				ENABLE_STRICT_OBJC_MSGSEND = YES;
				GCC_C_LANGUAGE_STANDARD = gnu99;
				GCC_DYNAMIC_NO_PIC = NO;
				GCC_OPTIMIZATION_LEVEL = 0;
				GCC_PREPROCESSOR_DEFINITIONS = (
					"DEBUG=1",
					"$(inherited)",
				);
				GCC_SYMBOLS_PRIVATE_EXTERN = NO;
				GCC_WARN_64_TO_32_BIT_CONVERSION = YES;
				GCC_WARN_ABOUT_RETURN_TYPE = YES_ERROR;
				GCC_WARN_UNDECLARED_SELECTOR = YES;
				GCC_WARN_UNINITIALIZED_AUTOS = YES_AGGRESSIVE;
				GCC_WARN_UNUSED_FUNCTION = YES;
				GCC_WARN_UNUSED_VARIABLE = YES;
				IPHONEOS_DEPLOYMENT_TARGET = 8.0;
				MTL_ENABLE_DEBUG_INFO = YES;
				ONLY_ACTIVE_ARCH = YES;
				SDKROOT = iphoneos;
				SWIFT_OPTIMIZATION_LEVEL = "-Onone";
			};
			name = Debug;
		};
		BBE6F58D1AC1F69300C4A591 /* Release */ = {
			isa = XCBuildConfiguration;
			buildSettings = {
				ALWAYS_SEARCH_USER_PATHS = NO;
				CLANG_CXX_LANGUAGE_STANDARD = "gnu++0x";
				CLANG_CXX_LIBRARY = "libc++";
				CLANG_ENABLE_MODULES = YES;
				CLANG_ENABLE_OBJC_ARC = YES;
				CLANG_WARN_BOOL_CONVERSION = YES;
				CLANG_WARN_CONSTANT_CONVERSION = YES;
				CLANG_WARN_DIRECT_OBJC_ISA_USAGE = YES_ERROR;
				CLANG_WARN_EMPTY_BODY = YES;
				CLANG_WARN_ENUM_CONVERSION = YES;
				CLANG_WARN_INT_CONVERSION = YES;
				CLANG_WARN_OBJC_ROOT_CLASS = YES_ERROR;
				CLANG_WARN_UNREACHABLE_CODE = YES;
				CLANG_WARN__DUPLICATE_METHOD_MATCH = YES;
				"CODE_SIGN_IDENTITY[sdk=iphoneos*]" = "iPhone Developer";
				COPY_PHASE_STRIP = YES;
				ENABLE_NS_ASSERTIONS = NO;
				ENABLE_STRICT_OBJC_MSGSEND = YES;
				GCC_C_LANGUAGE_STANDARD = gnu99;
				GCC_WARN_64_TO_32_BIT_CONVERSION = YES;
				GCC_WARN_ABOUT_RETURN_TYPE = YES_ERROR;
				GCC_WARN_UNDECLARED_SELECTOR = YES;
				GCC_WARN_UNINITIALIZED_AUTOS = YES_AGGRESSIVE;
				GCC_WARN_UNUSED_FUNCTION = YES;
				GCC_WARN_UNUSED_VARIABLE = YES;
				IPHONEOS_DEPLOYMENT_TARGET = 8.0;
				MTL_ENABLE_DEBUG_INFO = NO;
				SDKROOT = iphoneos;
				VALIDATE_PRODUCT = YES;
			};
			name = Release;
		};
		BBE6F58F1AC1F69300C4A591 /* Debug */ = {
			isa = XCBuildConfiguration;
			buildSettings = {
				ASSETCATALOG_COMPILER_APPICON_NAME = AppIcon;
				ASSETCATALOG_COMPILER_LAUNCHIMAGE_NAME = LaunchImage;
				INFOPLIST_FILE = demo.5/Info.plist;
				LD_RUNPATH_SEARCH_PATHS = "$(inherited) @executable_path/Frameworks";
				PRODUCT_NAME = "$(TARGET_NAME)";
			};
			name = Debug;
		};
		BBE6F5901AC1F69300C4A591 /* Release */ = {
			isa = XCBuildConfiguration;
			buildSettings = {
				ASSETCATALOG_COMPILER_APPICON_NAME = AppIcon;
				ASSETCATALOG_COMPILER_LAUNCHIMAGE_NAME = LaunchImage;
				INFOPLIST_FILE = demo.5/Info.plist;
				LD_RUNPATH_SEARCH_PATHS = "$(inherited) @executable_path/Frameworks";
				PRODUCT_NAME = "$(TARGET_NAME)";
			};
			name = Release;
		};
		BBE6F5921AC1F69300C4A591 /* Debug */ = {
			isa = XCBuildConfiguration;
			buildSettings = {
				BUNDLE_LOADER = "$(BUILT_PRODUCTS_DIR)/demo.5.app/demo.5";
				FRAMEWORK_SEARCH_PATHS = (
					"$(SDKROOT)/Developer/Library/Frameworks",
					"$(inherited)",
				);
				GCC_PREPROCESSOR_DEFINITIONS = (
					"DEBUG=1",
					"$(inherited)",
				);
				INFOPLIST_FILE = demo.5Tests/Info.plist;
				LD_RUNPATH_SEARCH_PATHS = "$(inherited) @executable_path/Frameworks @loader_path/Frameworks";
				PRODUCT_NAME = "$(TARGET_NAME)";
				TEST_HOST = "$(BUNDLE_LOADER)";
			};
			name = Debug;
		};
		BBE6F5931AC1F69300C4A591 /* Release */ = {
			isa = XCBuildConfiguration;
			buildSettings = {
				BUNDLE_LOADER = "$(BUILT_PRODUCTS_DIR)/demo.5.app/demo.5";
				FRAMEWORK_SEARCH_PATHS = (
					"$(SDKROOT)/Developer/Library/Frameworks",
					"$(inherited)",
				);
				INFOPLIST_FILE = demo.5Tests/Info.plist;
				LD_RUNPATH_SEARCH_PATHS = "$(inherited) @executable_path/Frameworks @loader_path/Frameworks";
				PRODUCT_NAME = "$(TARGET_NAME)";
				TEST_HOST = "$(BUNDLE_LOADER)";
			};
			name = Release;
		};
/* End XCBuildConfiguration section */

/* Begin XCConfigurationList section */
		BBE6F56D1AC1F69100C4A591 /* Build configuration list for PBXProject "demo.5" */ = {
			isa = XCConfigurationList;
			buildConfigurations = (
				BBE6F58C1AC1F69300C4A591 /* Debug */,
				BBE6F58D1AC1F69300C4A591 /* Release */,
			);
			defaultConfigurationIsVisible = 0;
			defaultConfigurationName = Release;
		};
		BBE6F58E1AC1F69300C4A591 /* Build configuration list for PBXNativeTarget "demo.5" */ = {
			isa = XCConfigurationList;
			buildConfigurations = (
				BBE6F58F1AC1F69300C4A591 /* Debug */,
				BBE6F5901AC1F69300C4A591 /* Release */,
			);
			defaultConfigurationIsVisible = 0;
		};
		BBE6F5911AC1F69300C4A591 /* Build configuration list for PBXNativeTarget "demo.5Tests" */ = {
			isa = XCConfigurationList;
			buildConfigurations = (
				BBE6F5921AC1F69300C4A591 /* Debug */,
				BBE6F5931AC1F69300C4A591 /* Release */,
			);
			defaultConfigurationIsVisible = 0;
		};
/* End XCConfigurationList section */
	};
	rootObject = BBE6F56A1AC1F69100C4A591 /* Project object */;
}
